// !$*UTF8*$!
{
	archiveVersion = 1;
	classes = {
	};
	objectVersion = 55;
	objects = {

/* Begin PBXBuildFile section */
		773C287F817FC5797CB7B29F /* Pods_LiveGodLife.framework in Frameworks */ = {isa = PBXBuildFile; fileRef = BC63CABACF4A82ABDB0B778E /* Pods_LiveGodLife.framework */; };
		CC9C195128F651C100C53152 /* LoginViewController.swift in Sources */ = {isa = PBXBuildFile; fileRef = CC9C195028F651C100C53152 /* LoginViewController.swift */; };
		CC9C195528F6562700C53152 /* RoundedButton.swift in Sources */ = {isa = PBXBuildFile; fileRef = CC9C195428F6562700C53152 /* RoundedButton.swift */; };
		D00E46F228F7BDC200A18FE7 /* OnboardingView.swift in Sources */ = {isa = PBXBuildFile; fileRef = D00E46ED28F7BDC200A18FE7 /* OnboardingView.swift */; };
		D00E46F428F7BDC200A18FE7 /* OnboardingViewModel.swift in Sources */ = {isa = PBXBuildFile; fileRef = D00E46EF28F7BDC200A18FE7 /* OnboardingViewModel.swift */; };
		D00E46F528F7BDC200A18FE7 /* OnboardingView.xib in Resources */ = {isa = PBXBuildFile; fileRef = D00E46F028F7BDC200A18FE7 /* OnboardingView.xib */; };
		D021B058290397660031481F /* NotificationName+Extension.swift in Sources */ = {isa = PBXBuildFile; fileRef = D021B057290397660031481F /* NotificationName+Extension.swift */; };
		D023B077290AB12100387C5C /* UIViewController+Extension.swift in Sources */ = {isa = PBXBuildFile; fileRef = D023B076290AB12100387C5C /* UIViewController+Extension.swift */; };
		D04D742628EB377A0013B5BB /* AppleLoginService.swift in Sources */ = {isa = PBXBuildFile; fileRef = D04D742528EB377A0013B5BB /* AppleLoginService.swift */; };
		D06181B728F15C0700B40E32 /* APIRequestManager.swift in Sources */ = {isa = PBXBuildFile; fileRef = D06181B628F15C0700B40E32 /* APIRequestManager.swift */; };
		D06181B928F161FD00B40E32 /* APIResponse.swift in Sources */ = {isa = PBXBuildFile; fileRef = D06181B828F161FD00B40E32 /* APIResponse.swift */; };
		D06181BB28F1621400B40E32 /* LoginType.swift in Sources */ = {isa = PBXBuildFile; fileRef = D06181BA28F1621400B40E32 /* LoginType.swift */; };
		D08B66C628D5A3B9000998DC /* AppDelegate.swift in Sources */ = {isa = PBXBuildFile; fileRef = D08B66C528D5A3B9000998DC /* AppDelegate.swift */; };
		D08B66C828D5A3B9000998DC /* SceneDelegate.swift in Sources */ = {isa = PBXBuildFile; fileRef = D08B66C728D5A3B9000998DC /* SceneDelegate.swift */; };
		D08B66CA28D5A3B9000998DC /* RootViewController.swift in Sources */ = {isa = PBXBuildFile; fileRef = D08B66C928D5A3B9000998DC /* RootViewController.swift */; };
		D08B66CF28D5A3BA000998DC /* Assets.xcassets in Resources */ = {isa = PBXBuildFile; fileRef = D08B66CE28D5A3BA000998DC /* Assets.xcassets */; };
		D08B66D228D5A3BA000998DC /* LaunchScreen.storyboard in Resources */ = {isa = PBXBuildFile; fileRef = D08B66D028D5A3BA000998DC /* LaunchScreen.storyboard */; };
		D0A215052905687B00D5FF59 /* Pretendard-Bold.otf in Resources */ = {isa = PBXBuildFile; fileRef = D0A214FE2905685600D5FF59 /* Pretendard-Bold.otf */; };
		D0A21506290568D600D5FF59 /* Pretendard-Regular.otf in Resources */ = {isa = PBXBuildFile; fileRef = D0A214FC2905685600D5FF59 /* Pretendard-Regular.otf */; };
		D0A2151D2906B7AF00D5FF59 /* Montserrat-Bold.otf in Resources */ = {isa = PBXBuildFile; fileRef = D0A2150F2906B76F00D5FF59 /* Montserrat-Bold.otf */; };
		D0B8D87B28F1A4E200E9339E /* User.swift in Sources */ = {isa = PBXBuildFile; fileRef = D0B8D87A28F1A4E200E9339E /* User.swift */; };
		D0B8D87D28F1A9CA00E9339E /* JSONDecodeService.swift in Sources */ = {isa = PBXBuildFile; fileRef = D0B8D87C28F1A9CA00E9339E /* JSONDecodeService.swift */; };
		D0BAD2BD28FEC6DC00637482 /* UIColor+Extension.swift in Sources */ = {isa = PBXBuildFile; fileRef = D0BAD2BC28FEC6DC00637482 /* UIColor+Extension.swift */; };
		D0BB5B512906B9C800E46063 /* Montserrat-Regular.otf in Resources */ = {isa = PBXBuildFile; fileRef = D0A215132906B76F00D5FF59 /* Montserrat-Regular.otf */; };
		D0BB5B522906C16F00E46063 /* Pretendard-Black.otf in Resources */ = {isa = PBXBuildFile; fileRef = D0A215012905685700D5FF59 /* Pretendard-Black.otf */; };
		D0BB5B532906C17300E46063 /* Pretendard-ExtraBold.otf in Resources */ = {isa = PBXBuildFile; fileRef = D0A215042905685700D5FF59 /* Pretendard-ExtraBold.otf */; };
		D0BB5B542906C17500E46063 /* Pretendard-ExtraLight.otf in Resources */ = {isa = PBXBuildFile; fileRef = D0A215032905685700D5FF59 /* Pretendard-ExtraLight.otf */; };
		D0BB5B552906C17900E46063 /* Pretendard-Light.otf in Resources */ = {isa = PBXBuildFile; fileRef = D0A214FF2905685600D5FF59 /* Pretendard-Light.otf */; };
		D0BB5B562906C17C00E46063 /* Pretendard-Medium.otf in Resources */ = {isa = PBXBuildFile; fileRef = D0A215022905685700D5FF59 /* Pretendard-Medium.otf */; };
		D0BB5B572906C17F00E46063 /* Pretendard-SemiBold.otf in Resources */ = {isa = PBXBuildFile; fileRef = D0A215002905685600D5FF59 /* Pretendard-SemiBold.otf */; };
		D0BB5B582906C18300E46063 /* Pretendard-Thin.otf in Resources */ = {isa = PBXBuildFile; fileRef = D0A214FD2905685600D5FF59 /* Pretendard-Thin.otf */; };
		D0BB5B592906C18600E46063 /* Montserrat-Black.otf in Resources */ = {isa = PBXBuildFile; fileRef = D0A215192906B77000D5FF59 /* Montserrat-Black.otf */; };
		D0BB5B5A2906C18C00E46063 /* Montserrat-ExtraBold.otf in Resources */ = {isa = PBXBuildFile; fileRef = D0A2151B2906B77000D5FF59 /* Montserrat-ExtraBold.otf */; };
		D0BB5B5B2906C18F00E46063 /* Montserrat-ExtraLight.otf in Resources */ = {isa = PBXBuildFile; fileRef = D0A215122906B76F00D5FF59 /* Montserrat-ExtraLight.otf */; };
		D0BB5B5C2906C19100E46063 /* Montserrat-Light.otf in Resources */ = {isa = PBXBuildFile; fileRef = D0A2150E2906B76F00D5FF59 /* Montserrat-Light.otf */; };
		D0BB5B5D2906C19300E46063 /* Montserrat-Medium.otf in Resources */ = {isa = PBXBuildFile; fileRef = D0A2150A2906B76F00D5FF59 /* Montserrat-Medium.otf */; };
		D0BB5B5E2906C19700E46063 /* Montserrat-SemiBold.otf in Resources */ = {isa = PBXBuildFile; fileRef = D0A215182906B76F00D5FF59 /* Montserrat-SemiBold.otf */; };
		D0BB5B5F2906C19900E46063 /* Montserrat-Thin.otf in Resources */ = {isa = PBXBuildFile; fileRef = D0A2150C2906B76F00D5FF59 /* Montserrat-Thin.otf */; };
		D0BF16CC28F9AC1000CDA6CE /* OnboardingViewController.swift in Sources */ = {isa = PBXBuildFile; fileRef = D0BF16CB28F9AC1000CDA6CE /* OnboardingViewController.swift */; };
		D0BF16CE28F9AF2D00CDA6CE /* OnboardingViewController.storyboard in Resources */ = {isa = PBXBuildFile; fileRef = D0BF16CD28F9AF2D00CDA6CE /* OnboardingViewController.storyboard */; };
		D0C51E2C28F121D80004514A /* Endpoint.swift in Sources */ = {isa = PBXBuildFile; fileRef = D0C51E2B28F121D80004514A /* Endpoint.swift */; };
/* End PBXBuildFile section */

/* Begin PBXFileReference section */
		6C9AAA7E1239CDB46DD79D05 /* Pods-LiveGodLife.debug.xcconfig */ = {isa = PBXFileReference; includeInIndex = 1; lastKnownFileType = text.xcconfig; name = "Pods-LiveGodLife.debug.xcconfig"; path = "Target Support Files/Pods-LiveGodLife/Pods-LiveGodLife.debug.xcconfig"; sourceTree = "<group>"; };
		BC63CABACF4A82ABDB0B778E /* Pods_LiveGodLife.framework */ = {isa = PBXFileReference; explicitFileType = wrapper.framework; includeInIndex = 0; path = Pods_LiveGodLife.framework; sourceTree = BUILT_PRODUCTS_DIR; };
		CC9C195028F651C100C53152 /* LoginViewController.swift */ = {isa = PBXFileReference; lastKnownFileType = sourcecode.swift; path = LoginViewController.swift; sourceTree = "<group>"; };
		CC9C195428F6562700C53152 /* RoundedButton.swift */ = {isa = PBXFileReference; lastKnownFileType = sourcecode.swift; path = RoundedButton.swift; sourceTree = "<group>"; };
		D00E46ED28F7BDC200A18FE7 /* OnboardingView.swift */ = {isa = PBXFileReference; fileEncoding = 4; lastKnownFileType = sourcecode.swift; path = OnboardingView.swift; sourceTree = "<group>"; };
		D00E46EF28F7BDC200A18FE7 /* OnboardingViewModel.swift */ = {isa = PBXFileReference; fileEncoding = 4; lastKnownFileType = sourcecode.swift; path = OnboardingViewModel.swift; sourceTree = "<group>"; };
		D00E46F028F7BDC200A18FE7 /* OnboardingView.xib */ = {isa = PBXFileReference; fileEncoding = 4; lastKnownFileType = file.xib; path = OnboardingView.xib; sourceTree = "<group>"; };
		D021B057290397660031481F /* NotificationName+Extension.swift */ = {isa = PBXFileReference; lastKnownFileType = sourcecode.swift; path = "NotificationName+Extension.swift"; sourceTree = "<group>"; };
		D023B076290AB12100387C5C /* UIViewController+Extension.swift */ = {isa = PBXFileReference; lastKnownFileType = sourcecode.swift; path = "UIViewController+Extension.swift"; sourceTree = "<group>"; };
		D04D742528EB377A0013B5BB /* AppleLoginService.swift */ = {isa = PBXFileReference; lastKnownFileType = sourcecode.swift; path = AppleLoginService.swift; sourceTree = "<group>"; };
		D06181B628F15C0700B40E32 /* APIRequestManager.swift */ = {isa = PBXFileReference; lastKnownFileType = sourcecode.swift; path = APIRequestManager.swift; sourceTree = "<group>"; };
		D06181B828F161FD00B40E32 /* APIResponse.swift */ = {isa = PBXFileReference; lastKnownFileType = sourcecode.swift; path = APIResponse.swift; sourceTree = "<group>"; };
		D06181BA28F1621400B40E32 /* LoginType.swift */ = {isa = PBXFileReference; lastKnownFileType = sourcecode.swift; path = LoginType.swift; sourceTree = "<group>"; };
		D08B66C228D5A3B9000998DC /* LiveGodLife.app */ = {isa = PBXFileReference; explicitFileType = wrapper.application; includeInIndex = 0; path = LiveGodLife.app; sourceTree = BUILT_PRODUCTS_DIR; };
		D08B66C528D5A3B9000998DC /* AppDelegate.swift */ = {isa = PBXFileReference; lastKnownFileType = sourcecode.swift; path = AppDelegate.swift; sourceTree = "<group>"; };
		D08B66C728D5A3B9000998DC /* SceneDelegate.swift */ = {isa = PBXFileReference; lastKnownFileType = sourcecode.swift; path = SceneDelegate.swift; sourceTree = "<group>"; };
		D08B66C928D5A3B9000998DC /* RootViewController.swift */ = {isa = PBXFileReference; lastKnownFileType = sourcecode.swift; path = RootViewController.swift; sourceTree = "<group>"; };
		D08B66CE28D5A3BA000998DC /* Assets.xcassets */ = {isa = PBXFileReference; lastKnownFileType = folder.assetcatalog; path = Assets.xcassets; sourceTree = "<group>"; };
		D08B66D128D5A3BA000998DC /* Base */ = {isa = PBXFileReference; lastKnownFileType = file.storyboard; name = Base; path = Base.lproj/LaunchScreen.storyboard; sourceTree = "<group>"; };
		D08B66D328D5A3BA000998DC /* Info.plist */ = {isa = PBXFileReference; lastKnownFileType = text.plist.xml; path = Info.plist; sourceTree = "<group>"; };
		D08DBF0E28DF2D8000C2D370 /* LiveGodLife.entitlements */ = {isa = PBXFileReference; lastKnownFileType = text.plist.entitlements; path = LiveGodLife.entitlements; sourceTree = "<group>"; };
		D0A214FC2905685600D5FF59 /* Pretendard-Regular.otf */ = {isa = PBXFileReference; lastKnownFileType = file; path = "Pretendard-Regular.otf"; sourceTree = "<group>"; };
		D0A214FD2905685600D5FF59 /* Pretendard-Thin.otf */ = {isa = PBXFileReference; lastKnownFileType = file; path = "Pretendard-Thin.otf"; sourceTree = "<group>"; };
		D0A214FE2905685600D5FF59 /* Pretendard-Bold.otf */ = {isa = PBXFileReference; lastKnownFileType = file; path = "Pretendard-Bold.otf"; sourceTree = "<group>"; };
		D0A214FF2905685600D5FF59 /* Pretendard-Light.otf */ = {isa = PBXFileReference; lastKnownFileType = file; path = "Pretendard-Light.otf"; sourceTree = "<group>"; };
		D0A215002905685600D5FF59 /* Pretendard-SemiBold.otf */ = {isa = PBXFileReference; lastKnownFileType = file; path = "Pretendard-SemiBold.otf"; sourceTree = "<group>"; };
		D0A215012905685700D5FF59 /* Pretendard-Black.otf */ = {isa = PBXFileReference; lastKnownFileType = file; path = "Pretendard-Black.otf"; sourceTree = "<group>"; };
		D0A215022905685700D5FF59 /* Pretendard-Medium.otf */ = {isa = PBXFileReference; lastKnownFileType = file; path = "Pretendard-Medium.otf"; sourceTree = "<group>"; };
		D0A215032905685700D5FF59 /* Pretendard-ExtraLight.otf */ = {isa = PBXFileReference; lastKnownFileType = file; path = "Pretendard-ExtraLight.otf"; sourceTree = "<group>"; };
		D0A215042905685700D5FF59 /* Pretendard-ExtraBold.otf */ = {isa = PBXFileReference; lastKnownFileType = file; path = "Pretendard-ExtraBold.otf"; sourceTree = "<group>"; };
		D0A2150A2906B76F00D5FF59 /* Montserrat-Medium.otf */ = {isa = PBXFileReference; lastKnownFileType = file; path = "Montserrat-Medium.otf"; sourceTree = "<group>"; };
		D0A2150C2906B76F00D5FF59 /* Montserrat-Thin.otf */ = {isa = PBXFileReference; lastKnownFileType = file; path = "Montserrat-Thin.otf"; sourceTree = "<group>"; };
		D0A2150E2906B76F00D5FF59 /* Montserrat-Light.otf */ = {isa = PBXFileReference; lastKnownFileType = file; path = "Montserrat-Light.otf"; sourceTree = "<group>"; };
		D0A2150F2906B76F00D5FF59 /* Montserrat-Bold.otf */ = {isa = PBXFileReference; lastKnownFileType = file; path = "Montserrat-Bold.otf"; sourceTree = "<group>"; };
		D0A215122906B76F00D5FF59 /* Montserrat-ExtraLight.otf */ = {isa = PBXFileReference; lastKnownFileType = file; path = "Montserrat-ExtraLight.otf"; sourceTree = "<group>"; };
		D0A215132906B76F00D5FF59 /* Montserrat-Regular.otf */ = {isa = PBXFileReference; lastKnownFileType = file; path = "Montserrat-Regular.otf"; sourceTree = "<group>"; };
		D0A215182906B76F00D5FF59 /* Montserrat-SemiBold.otf */ = {isa = PBXFileReference; lastKnownFileType = file; path = "Montserrat-SemiBold.otf"; sourceTree = "<group>"; };
		D0A215192906B77000D5FF59 /* Montserrat-Black.otf */ = {isa = PBXFileReference; lastKnownFileType = file; path = "Montserrat-Black.otf"; sourceTree = "<group>"; };
		D0A2151B2906B77000D5FF59 /* Montserrat-ExtraBold.otf */ = {isa = PBXFileReference; lastKnownFileType = file; path = "Montserrat-ExtraBold.otf"; sourceTree = "<group>"; };
		D0B8D87A28F1A4E200E9339E /* User.swift */ = {isa = PBXFileReference; lastKnownFileType = sourcecode.swift; path = User.swift; sourceTree = "<group>"; };
		D0B8D87C28F1A9CA00E9339E /* JSONDecodeService.swift */ = {isa = PBXFileReference; lastKnownFileType = sourcecode.swift; path = JSONDecodeService.swift; sourceTree = "<group>"; };
		D0BAD2BC28FEC6DC00637482 /* UIColor+Extension.swift */ = {isa = PBXFileReference; lastKnownFileType = sourcecode.swift; path = "UIColor+Extension.swift"; sourceTree = "<group>"; };
		D0BF16CB28F9AC1000CDA6CE /* OnboardingViewController.swift */ = {isa = PBXFileReference; lastKnownFileType = sourcecode.swift; path = OnboardingViewController.swift; sourceTree = "<group>"; };
		D0BF16CD28F9AF2D00CDA6CE /* OnboardingViewController.storyboard */ = {isa = PBXFileReference; lastKnownFileType = file.storyboard; path = OnboardingViewController.storyboard; sourceTree = "<group>"; };
		D0C51E2B28F121D80004514A /* Endpoint.swift */ = {isa = PBXFileReference; lastKnownFileType = sourcecode.swift; path = Endpoint.swift; sourceTree = "<group>"; };
		F8E3F9494D00BFB08F3DD6D4 /* Pods-LiveGodLife.release.xcconfig */ = {isa = PBXFileReference; includeInIndex = 1; lastKnownFileType = text.xcconfig; name = "Pods-LiveGodLife.release.xcconfig"; path = "Target Support Files/Pods-LiveGodLife/Pods-LiveGodLife.release.xcconfig"; sourceTree = "<group>"; };
/* End PBXFileReference section */

/* Begin PBXFrameworksBuildPhase section */
		D08B66BF28D5A3B9000998DC /* Frameworks */ = {
			isa = PBXFrameworksBuildPhase;
			buildActionMask = 2147483647;
			files = (
				773C287F817FC5797CB7B29F /* Pods_LiveGodLife.framework in Frameworks */,
			);
			runOnlyForDeploymentPostprocessing = 0;
		};
/* End PBXFrameworksBuildPhase section */

/* Begin PBXGroup section */
		6F92ABCF98F4D9BE1AE4679B /* Frameworks */ = {
			isa = PBXGroup;
			children = (
				BC63CABACF4A82ABDB0B778E /* Pods_LiveGodLife.framework */,
			);
			name = Frameworks;
			sourceTree = "<group>";
		};
		CC9C195628F6562A00C53152 /* UI */ = {
			isa = PBXGroup;
			children = (
				D0A2151E2906B89900D5FF59 /* Font */,
				CC9C195428F6562700C53152 /* RoundedButton.swift */,
				D0BAD2BC28FEC6DC00637482 /* UIColor+Extension.swift */,
			);
			path = UI;
			sourceTree = "<group>";
		};
		D00E46EB28F7BDC200A18FE7 /* Onboarding */ = {
			isa = PBXGroup;
			children = (
				D00E46EF28F7BDC200A18FE7 /* OnboardingViewModel.swift */,
				D00E46ED28F7BDC200A18FE7 /* OnboardingView.swift */,
				D00E46F028F7BDC200A18FE7 /* OnboardingView.xib */,
				D0BF16CB28F9AC1000CDA6CE /* OnboardingViewController.swift */,
				D0BF16CD28F9AF2D00CDA6CE /* OnboardingViewController.storyboard */,
			);
			path = Onboarding;
			sourceTree = "<group>";
		};
		D021B059290397D60031481F /* Extension */ = {
			isa = PBXGroup;
			children = (
				D021B057290397660031481F /* NotificationName+Extension.swift */,
				D023B076290AB12100387C5C /* UIViewController+Extension.swift */,
			);
			path = Extension;
			sourceTree = "<group>";
		};
		D06181B428F15B3600B40E32 /* Network */ = {
			isa = PBXGroup;
			children = (
				D0C51E2B28F121D80004514A /* Endpoint.swift */,
				D06181B828F161FD00B40E32 /* APIResponse.swift */,
				D06181B628F15C0700B40E32 /* APIRequestManager.swift */,
			);
			path = Network;
			sourceTree = "<group>";
		};
		D06181B528F15B4B00B40E32 /* Login */ = {
			isa = PBXGroup;
			children = (
				D0B8D87A28F1A4E200E9339E /* User.swift */,
				D06181BA28F1621400B40E32 /* LoginType.swift */,
				D04D742528EB377A0013B5BB /* AppleLoginService.swift */,
				CC9C195028F651C100C53152 /* LoginViewController.swift */,
			);
			path = Login;
			sourceTree = "<group>";
		};
		D08B66B928D5A3B9000998DC = {
			isa = PBXGroup;
			children = (
				D08B66C428D5A3B9000998DC /* LiveGodLife */,
				D08B66C328D5A3B9000998DC /* Products */,
				E1E82C2940AD0B069EF9CCAC /* Pods */,
				6F92ABCF98F4D9BE1AE4679B /* Frameworks */,
			);
			sourceTree = "<group>";
		};
		D08B66C328D5A3B9000998DC /* Products */ = {
			isa = PBXGroup;
			children = (
				D08B66C228D5A3B9000998DC /* LiveGodLife.app */,
			);
			name = Products;
			sourceTree = "<group>";
		};
		D08B66C428D5A3B9000998DC /* LiveGodLife */ = {
			isa = PBXGroup;
			children = (
				D08DBF0E28DF2D8000C2D370 /* LiveGodLife.entitlements */,
				D08B66C528D5A3B9000998DC /* AppDelegate.swift */,
				D08B66C728D5A3B9000998DC /* SceneDelegate.swift */,
				D08B66C928D5A3B9000998DC /* RootViewController.swift */,
				D08B66CE28D5A3BA000998DC /* Assets.xcassets */,
				D08B66D028D5A3BA000998DC /* LaunchScreen.storyboard */,
				D08B66D328D5A3BA000998DC /* Info.plist */,
				D00E46EB28F7BDC200A18FE7 /* Onboarding */,
				D06181B428F15B3600B40E32 /* Network */,
				D06181B528F15B4B00B40E32 /* Login */,
				D0B8D87C28F1A9CA00E9339E /* JSONDecodeService.swift */,
				CC9C195628F6562A00C53152 /* UI */,
				D021B059290397D60031481F /* Extension */,
			);
			path = LiveGodLife;
			sourceTree = "<group>";
		};
		D0A215092906B74000D5FF59 /* Montserrat */ = {
			isa = PBXGroup;
			children = (
				D0A215192906B77000D5FF59 /* Montserrat-Black.otf */,
				D0A2150F2906B76F00D5FF59 /* Montserrat-Bold.otf */,
				D0A2151B2906B77000D5FF59 /* Montserrat-ExtraBold.otf */,
				D0A215122906B76F00D5FF59 /* Montserrat-ExtraLight.otf */,
				D0A2150E2906B76F00D5FF59 /* Montserrat-Light.otf */,
				D0A2150A2906B76F00D5FF59 /* Montserrat-Medium.otf */,
				D0A215132906B76F00D5FF59 /* Montserrat-Regular.otf */,
				D0A215182906B76F00D5FF59 /* Montserrat-SemiBold.otf */,
				D0A2150C2906B76F00D5FF59 /* Montserrat-Thin.otf */,
			);
			path = Montserrat;
			sourceTree = "<group>";
		};
		D0A2151C2906B77700D5FF59 /* Pretendard */ = {
			isa = PBXGroup;
			children = (
				D0A215012905685700D5FF59 /* Pretendard-Black.otf */,
				D0A214FE2905685600D5FF59 /* Pretendard-Bold.otf */,
				D0A215042905685700D5FF59 /* Pretendard-ExtraBold.otf */,
				D0A215032905685700D5FF59 /* Pretendard-ExtraLight.otf */,
				D0A214FF2905685600D5FF59 /* Pretendard-Light.otf */,
				D0A215022905685700D5FF59 /* Pretendard-Medium.otf */,
				D0A214FC2905685600D5FF59 /* Pretendard-Regular.otf */,
				D0A215002905685600D5FF59 /* Pretendard-SemiBold.otf */,
				D0A214FD2905685600D5FF59 /* Pretendard-Thin.otf */,
			);
			path = Pretendard;
			sourceTree = "<group>";
		};
		D0A2151E2906B89900D5FF59 /* Font */ = {
			isa = PBXGroup;
			children = (
				D0A2151C2906B77700D5FF59 /* Pretendard */,
				D0A215092906B74000D5FF59 /* Montserrat */,
			);
			path = Font;
			sourceTree = "<group>";
		};
		E1E82C2940AD0B069EF9CCAC /* Pods */ = {
			isa = PBXGroup;
			children = (
				6C9AAA7E1239CDB46DD79D05 /* Pods-LiveGodLife.debug.xcconfig */,
				F8E3F9494D00BFB08F3DD6D4 /* Pods-LiveGodLife.release.xcconfig */,
			);
			path = Pods;
			sourceTree = "<group>";
		};
/* End PBXGroup section */

/* Begin PBXNativeTarget section */
		D08B66C128D5A3B9000998DC /* LiveGodLife */ = {
			isa = PBXNativeTarget;
			buildConfigurationList = D08B66D628D5A3BA000998DC /* Build configuration list for PBXNativeTarget "LiveGodLife" */;
			buildPhases = (
				597D555F954156C451A7A39D /* [CP] Check Pods Manifest.lock */,
				D08B66BE28D5A3B9000998DC /* Sources */,
				D08B66BF28D5A3B9000998DC /* Frameworks */,
				D08B66C028D5A3B9000998DC /* Resources */,
				AC860161ECE655DAFCC7C838 /* [CP] Embed Pods Frameworks */,
			);
			buildRules = (
			);
			dependencies = (
			);
			name = LiveGodLife;
			productName = LiveGodLife;
			productReference = D08B66C228D5A3B9000998DC /* LiveGodLife.app */;
			productType = "com.apple.product-type.application";
		};
/* End PBXNativeTarget section */

/* Begin PBXProject section */
		D08B66BA28D5A3B9000998DC /* Project object */ = {
			isa = PBXProject;
			attributes = {
				BuildIndependentTargetsInParallel = 1;
				LastSwiftUpdateCheck = 1300;
				LastUpgradeCheck = 1300;
				TargetAttributes = {
					D08B66C128D5A3B9000998DC = {
						CreatedOnToolsVersion = 13.0;
					};
				};
			};
			buildConfigurationList = D08B66BD28D5A3B9000998DC /* Build configuration list for PBXProject "LiveGodLife" */;
			compatibilityVersion = "Xcode 13.0";
			developmentRegion = en;
			hasScannedForEncodings = 0;
			knownRegions = (
				en,
				Base,
			);
			mainGroup = D08B66B928D5A3B9000998DC;
			productRefGroup = D08B66C328D5A3B9000998DC /* Products */;
			projectDirPath = "";
			projectRoot = "";
			targets = (
				D08B66C128D5A3B9000998DC /* LiveGodLife */,
			);
		};
/* End PBXProject section */

/* Begin PBXResourcesBuildPhase section */
		D08B66C028D5A3B9000998DC /* Resources */ = {
			isa = PBXResourcesBuildPhase;
			buildActionMask = 2147483647;
			files = (
				D0BB5B5F2906C19900E46063 /* Montserrat-Thin.otf in Resources */,
				D0BF16CE28F9AF2D00CDA6CE /* OnboardingViewController.storyboard in Resources */,
				D0BB5B532906C17300E46063 /* Pretendard-ExtraBold.otf in Resources */,
				D0BB5B572906C17F00E46063 /* Pretendard-SemiBold.otf in Resources */,
				D0BB5B5B2906C18F00E46063 /* Montserrat-ExtraLight.otf in Resources */,
				D0BB5B5C2906C19100E46063 /* Montserrat-Light.otf in Resources */,
				D0BB5B592906C18600E46063 /* Montserrat-Black.otf in Resources */,
				D0A215052905687B00D5FF59 /* Pretendard-Bold.otf in Resources */,
				D0BB5B512906B9C800E46063 /* Montserrat-Regular.otf in Resources */,
				D0BB5B5A2906C18C00E46063 /* Montserrat-ExtraBold.otf in Resources */,
				D0BB5B5E2906C19700E46063 /* Montserrat-SemiBold.otf in Resources */,
				D08B66D228D5A3BA000998DC /* LaunchScreen.storyboard in Resources */,
				D0BB5B5D2906C19300E46063 /* Montserrat-Medium.otf in Resources */,
				D0BB5B542906C17500E46063 /* Pretendard-ExtraLight.otf in Resources */,
				D0BB5B522906C16F00E46063 /* Pretendard-Black.otf in Resources */,
				D0BB5B582906C18300E46063 /* Pretendard-Thin.otf in Resources */,
				D0A21506290568D600D5FF59 /* Pretendard-Regular.otf in Resources */,
				D08B66CF28D5A3BA000998DC /* Assets.xcassets in Resources */,
				D0BB5B562906C17C00E46063 /* Pretendard-Medium.otf in Resources */,
				D0BB5B552906C17900E46063 /* Pretendard-Light.otf in Resources */,
				D00E46F528F7BDC200A18FE7 /* OnboardingView.xib in Resources */,
				D0A2151D2906B7AF00D5FF59 /* Montserrat-Bold.otf in Resources */,
			);
			runOnlyForDeploymentPostprocessing = 0;
		};
/* End PBXResourcesBuildPhase section */

/* Begin PBXShellScriptBuildPhase section */
		597D555F954156C451A7A39D /* [CP] Check Pods Manifest.lock */ = {
			isa = PBXShellScriptBuildPhase;
			buildActionMask = 2147483647;
			files = (
			);
			inputFileListPaths = (
			);
			inputPaths = (
				"${PODS_PODFILE_DIR_PATH}/Podfile.lock",
				"${PODS_ROOT}/Manifest.lock",
			);
			name = "[CP] Check Pods Manifest.lock";
			outputFileListPaths = (
			);
			outputPaths = (
				"$(DERIVED_FILE_DIR)/Pods-LiveGodLife-checkManifestLockResult.txt",
			);
			runOnlyForDeploymentPostprocessing = 0;
			shellPath = /bin/sh;
			shellScript = "diff \"${PODS_PODFILE_DIR_PATH}/Podfile.lock\" \"${PODS_ROOT}/Manifest.lock\" > /dev/null\nif [ $? != 0 ] ; then\n    # print error to STDERR\n    echo \"error: The sandbox is not in sync with the Podfile.lock. Run 'pod install' or update your CocoaPods installation.\" >&2\n    exit 1\nfi\n# This output is used by Xcode 'outputs' to avoid re-running this script phase.\necho \"SUCCESS\" > \"${SCRIPT_OUTPUT_FILE_0}\"\n";
			showEnvVarsInLog = 0;
		};
		AC860161ECE655DAFCC7C838 /* [CP] Embed Pods Frameworks */ = {
			isa = PBXShellScriptBuildPhase;
			buildActionMask = 2147483647;
			files = (
			);
			inputFileListPaths = (
				"${PODS_ROOT}/Target Support Files/Pods-LiveGodLife/Pods-LiveGodLife-frameworks-${CONFIGURATION}-input-files.xcfilelist",
			);
			name = "[CP] Embed Pods Frameworks";
			outputFileListPaths = (
				"${PODS_ROOT}/Target Support Files/Pods-LiveGodLife/Pods-LiveGodLife-frameworks-${CONFIGURATION}-output-files.xcfilelist",
			);
			runOnlyForDeploymentPostprocessing = 0;
			shellPath = /bin/sh;
			shellScript = "\"${PODS_ROOT}/Target Support Files/Pods-LiveGodLife/Pods-LiveGodLife-frameworks.sh\"\n";
			showEnvVarsInLog = 0;
		};
/* End PBXShellScriptBuildPhase section */

/* Begin PBXSourcesBuildPhase section */
		D08B66BE28D5A3B9000998DC /* Sources */ = {
			isa = PBXSourcesBuildPhase;
			buildActionMask = 2147483647;
			files = (
				D023B077290AB12100387C5C /* UIViewController+Extension.swift in Sources */,
				D06181B928F161FD00B40E32 /* APIResponse.swift in Sources */,
				D021B058290397660031481F /* NotificationName+Extension.swift in Sources */,
				D06181B728F15C0700B40E32 /* APIRequestManager.swift in Sources */,
				D0B8D87D28F1A9CA00E9339E /* JSONDecodeService.swift in Sources */,
				D08B66CA28D5A3B9000998DC /* RootViewController.swift in Sources */,
				D08B66C628D5A3B9000998DC /* AppDelegate.swift in Sources */,
				D04D742628EB377A0013B5BB /* AppleLoginService.swift in Sources */,
				D0B8D87B28F1A4E200E9339E /* User.swift in Sources */,
				D0BAD2BD28FEC6DC00637482 /* UIColor+Extension.swift in Sources */,
				D0BF16CC28F9AC1000CDA6CE /* OnboardingViewController.swift in Sources */,
				CC9C195528F6562700C53152 /* RoundedButton.swift in Sources */,
				D06181BB28F1621400B40E32 /* LoginType.swift in Sources */,
				D00E46F428F7BDC200A18FE7 /* OnboardingViewModel.swift in Sources */,
				D08B66C828D5A3B9000998DC /* SceneDelegate.swift in Sources */,
				D0C51E2C28F121D80004514A /* Endpoint.swift in Sources */,
				CC9C195128F651C100C53152 /* LoginViewController.swift in Sources */,
				D00E46F228F7BDC200A18FE7 /* OnboardingView.swift in Sources */,
			);
			runOnlyForDeploymentPostprocessing = 0;
		};
/* End PBXSourcesBuildPhase section */

/* Begin PBXVariantGroup section */
		D08B66D028D5A3BA000998DC /* LaunchScreen.storyboard */ = {
			isa = PBXVariantGroup;
			children = (
				D08B66D128D5A3BA000998DC /* Base */,
			);
			name = LaunchScreen.storyboard;
			sourceTree = "<group>";
		};
/* End PBXVariantGroup section */

/* Begin XCBuildConfiguration section */
		D08B66D428D5A3BA000998DC /* Debug */ = {
			isa = XCBuildConfiguration;
			buildSettings = {
				ALWAYS_SEARCH_USER_PATHS = NO;
				CLANG_ANALYZER_NONNULL = YES;
				CLANG_ANALYZER_NUMBER_OBJECT_CONVERSION = YES_AGGRESSIVE;
				CLANG_CXX_LANGUAGE_STANDARD = "gnu++17";
				CLANG_CXX_LIBRARY = "libc++";
				CLANG_ENABLE_MODULES = YES;
				CLANG_ENABLE_OBJC_ARC = YES;
				CLANG_ENABLE_OBJC_WEAK = YES;
				CLANG_WARN_BLOCK_CAPTURE_AUTORELEASING = YES;
				CLANG_WARN_BOOL_CONVERSION = YES;
				CLANG_WARN_COMMA = YES;
				CLANG_WARN_CONSTANT_CONVERSION = YES;
				CLANG_WARN_DEPRECATED_OBJC_IMPLEMENTATIONS = YES;
				CLANG_WARN_DIRECT_OBJC_ISA_USAGE = YES_ERROR;
				CLANG_WARN_DOCUMENTATION_COMMENTS = YES;
				CLANG_WARN_EMPTY_BODY = YES;
				CLANG_WARN_ENUM_CONVERSION = YES;
				CLANG_WARN_INFINITE_RECURSION = YES;
				CLANG_WARN_INT_CONVERSION = YES;
				CLANG_WARN_NON_LITERAL_NULL_CONVERSION = YES;
				CLANG_WARN_OBJC_IMPLICIT_RETAIN_SELF = YES;
				CLANG_WARN_OBJC_LITERAL_CONVERSION = YES;
				CLANG_WARN_OBJC_ROOT_CLASS = YES_ERROR;
				CLANG_WARN_QUOTED_INCLUDE_IN_FRAMEWORK_HEADER = YES;
				CLANG_WARN_RANGE_LOOP_ANALYSIS = YES;
				CLANG_WARN_STRICT_PROTOTYPES = YES;
				CLANG_WARN_SUSPICIOUS_MOVE = YES;
				CLANG_WARN_UNGUARDED_AVAILABILITY = YES_AGGRESSIVE;
				CLANG_WARN_UNREACHABLE_CODE = YES;
				CLANG_WARN__DUPLICATE_METHOD_MATCH = YES;
				COPY_PHASE_STRIP = NO;
				DEBUG_INFORMATION_FORMAT = dwarf;
				ENABLE_STRICT_OBJC_MSGSEND = YES;
				ENABLE_TESTABILITY = YES;
				GCC_C_LANGUAGE_STANDARD = gnu11;
				GCC_DYNAMIC_NO_PIC = NO;
				GCC_NO_COMMON_BLOCKS = YES;
				GCC_OPTIMIZATION_LEVEL = 0;
				GCC_PREPROCESSOR_DEFINITIONS = (
					"DEBUG=1",
					"$(inherited)",
				);
				GCC_WARN_64_TO_32_BIT_CONVERSION = YES;
				GCC_WARN_ABOUT_RETURN_TYPE = YES_ERROR;
				GCC_WARN_UNDECLARED_SELECTOR = YES;
				GCC_WARN_UNINITIALIZED_AUTOS = YES_AGGRESSIVE;
				GCC_WARN_UNUSED_FUNCTION = YES;
				GCC_WARN_UNUSED_VARIABLE = YES;
				IPHONEOS_DEPLOYMENT_TARGET = 15.0;
				MTL_ENABLE_DEBUG_INFO = INCLUDE_SOURCE;
				MTL_FAST_MATH = YES;
				ONLY_ACTIVE_ARCH = YES;
				SDKROOT = iphoneos;
				SWIFT_ACTIVE_COMPILATION_CONDITIONS = DEBUG;
				SWIFT_OPTIMIZATION_LEVEL = "-Onone";
			};
			name = Debug;
		};
		D08B66D528D5A3BA000998DC /* Release */ = {
			isa = XCBuildConfiguration;
			buildSettings = {
				ALWAYS_SEARCH_USER_PATHS = NO;
				CLANG_ANALYZER_NONNULL = YES;
				CLANG_ANALYZER_NUMBER_OBJECT_CONVERSION = YES_AGGRESSIVE;
				CLANG_CXX_LANGUAGE_STANDARD = "gnu++17";
				CLANG_CXX_LIBRARY = "libc++";
				CLANG_ENABLE_MODULES = YES;
				CLANG_ENABLE_OBJC_ARC = YES;
				CLANG_ENABLE_OBJC_WEAK = YES;
				CLANG_WARN_BLOCK_CAPTURE_AUTORELEASING = YES;
				CLANG_WARN_BOOL_CONVERSION = YES;
				CLANG_WARN_COMMA = YES;
				CLANG_WARN_CONSTANT_CONVERSION = YES;
				CLANG_WARN_DEPRECATED_OBJC_IMPLEMENTATIONS = YES;
				CLANG_WARN_DIRECT_OBJC_ISA_USAGE = YES_ERROR;
				CLANG_WARN_DOCUMENTATION_COMMENTS = YES;
				CLANG_WARN_EMPTY_BODY = YES;
				CLANG_WARN_ENUM_CONVERSION = YES;
				CLANG_WARN_INFINITE_RECURSION = YES;
				CLANG_WARN_INT_CONVERSION = YES;
				CLANG_WARN_NON_LITERAL_NULL_CONVERSION = YES;
				CLANG_WARN_OBJC_IMPLICIT_RETAIN_SELF = YES;
				CLANG_WARN_OBJC_LITERAL_CONVERSION = YES;
				CLANG_WARN_OBJC_ROOT_CLASS = YES_ERROR;
				CLANG_WARN_QUOTED_INCLUDE_IN_FRAMEWORK_HEADER = YES;
				CLANG_WARN_RANGE_LOOP_ANALYSIS = YES;
				CLANG_WARN_STRICT_PROTOTYPES = YES;
				CLANG_WARN_SUSPICIOUS_MOVE = YES;
				CLANG_WARN_UNGUARDED_AVAILABILITY = YES_AGGRESSIVE;
				CLANG_WARN_UNREACHABLE_CODE = YES;
				CLANG_WARN__DUPLICATE_METHOD_MATCH = YES;
				COPY_PHASE_STRIP = NO;
				DEBUG_INFORMATION_FORMAT = "dwarf-with-dsym";
				ENABLE_NS_ASSERTIONS = NO;
				ENABLE_STRICT_OBJC_MSGSEND = YES;
				GCC_C_LANGUAGE_STANDARD = gnu11;
				GCC_NO_COMMON_BLOCKS = YES;
				GCC_WARN_64_TO_32_BIT_CONVERSION = YES;
				GCC_WARN_ABOUT_RETURN_TYPE = YES_ERROR;
				GCC_WARN_UNDECLARED_SELECTOR = YES;
				GCC_WARN_UNINITIALIZED_AUTOS = YES_AGGRESSIVE;
				GCC_WARN_UNUSED_FUNCTION = YES;
				GCC_WARN_UNUSED_VARIABLE = YES;
				IPHONEOS_DEPLOYMENT_TARGET = 15.0;
				MTL_ENABLE_DEBUG_INFO = NO;
				MTL_FAST_MATH = YES;
				SDKROOT = iphoneos;
				SWIFT_COMPILATION_MODE = wholemodule;
				SWIFT_OPTIMIZATION_LEVEL = "-O";
				VALIDATE_PRODUCT = YES;
			};
			name = Release;
		};
		D08B66D728D5A3BA000998DC /* Debug */ = {
			isa = XCBuildConfiguration;
			baseConfigurationReference = 6C9AAA7E1239CDB46DD79D05 /* Pods-LiveGodLife.debug.xcconfig */;
			buildSettings = {
				ASSETCATALOG_COMPILER_APPICON_NAME = AppIcon;
				ASSETCATALOG_COMPILER_GLOBAL_ACCENT_COLOR_NAME = AccentColor;
				CODE_SIGN_ENTITLEMENTS = LiveGodLife/LiveGodLife.entitlements;
				CODE_SIGN_STYLE = Automatic;
				CURRENT_PROJECT_VERSION = 1;
				DEVELOPMENT_TEAM = XQ24HP64B3;
				GENERATE_INFOPLIST_FILE = YES;
				INFOPLIST_FILE = LiveGodLife/Info.plist;
				INFOPLIST_KEY_UIApplicationSupportsIndirectInputEvents = YES;
				INFOPLIST_KEY_UILaunchStoryboardName = LaunchScreen;
				INFOPLIST_KEY_UIMainStoryboardFile = "";
				INFOPLIST_KEY_UISupportedInterfaceOrientations_iPad = "UIInterfaceOrientationPortrait UIInterfaceOrientationPortraitUpsideDown UIInterfaceOrientationLandscapeLeft UIInterfaceOrientationLandscapeRight";
				INFOPLIST_KEY_UISupportedInterfaceOrientations_iPhone = "UIInterfaceOrientationPortrait UIInterfaceOrientationLandscapeLeft UIInterfaceOrientationLandscapeRight";
				LD_RUNPATH_SEARCH_PATHS = (
					"$(inherited)",
					"@executable_path/Frameworks",
				);
				MARKETING_VERSION = 1.0;
				PRODUCT_BUNDLE_IDENTIFIER = com.onezo.livegodlife;
				PRODUCT_NAME = "$(TARGET_NAME)";
				SWIFT_EMIT_LOC_STRINGS = YES;
				SWIFT_VERSION = 5.0;
				TARGETED_DEVICE_FAMILY = "1,2";
			};
			name = Debug;
		};
		D08B66D828D5A3BA000998DC /* Release */ = {
			isa = XCBuildConfiguration;
			baseConfigurationReference = F8E3F9494D00BFB08F3DD6D4 /* Pods-LiveGodLife.release.xcconfig */;
			buildSettings = {
				ASSETCATALOG_COMPILER_APPICON_NAME = AppIcon;
				ASSETCATALOG_COMPILER_GLOBAL_ACCENT_COLOR_NAME = AccentColor;
				CODE_SIGN_ENTITLEMENTS = LiveGodLife/LiveGodLife.entitlements;
				CODE_SIGN_STYLE = Automatic;
				CURRENT_PROJECT_VERSION = 1;
				DEVELOPMENT_TEAM = XQ24HP64B3;
				GENERATE_INFOPLIST_FILE = YES;
				INFOPLIST_FILE = LiveGodLife/Info.plist;
				INFOPLIST_KEY_UIApplicationSupportsIndirectInputEvents = YES;
				INFOPLIST_KEY_UILaunchStoryboardName = LaunchScreen;
				INFOPLIST_KEY_UIMainStoryboardFile = "";
				INFOPLIST_KEY_UISupportedInterfaceOrientations_iPad = "UIInterfaceOrientationPortrait UIInterfaceOrientationPortraitUpsideDown UIInterfaceOrientationLandscapeLeft UIInterfaceOrientationLandscapeRight";
				INFOPLIST_KEY_UISupportedInterfaceOrientations_iPhone = "UIInterfaceOrientationPortrait UIInterfaceOrientationLandscapeLeft UIInterfaceOrientationLandscapeRight";
				LD_RUNPATH_SEARCH_PATHS = (
					"$(inherited)",
					"@executable_path/Frameworks",
				);
				MARKETING_VERSION = 1.0;
				PRODUCT_BUNDLE_IDENTIFIER = com.onezo.livegodlife;
				PRODUCT_NAME = "$(TARGET_NAME)";
				SWIFT_EMIT_LOC_STRINGS = YES;
				SWIFT_VERSION = 5.0;
				TARGETED_DEVICE_FAMILY = "1,2";
			};
			name = Release;
		};
/* End XCBuildConfiguration section */

/* Begin XCConfigurationList section */
		D08B66BD28D5A3B9000998DC /* Build configuration list for PBXProject "LiveGodLife" */ = {
			isa = XCConfigurationList;
			buildConfigurations = (
				D08B66D428D5A3BA000998DC /* Debug */,
				D08B66D528D5A3BA000998DC /* Release */,
			);
			defaultConfigurationIsVisible = 0;
			defaultConfigurationName = Release;
		};
		D08B66D628D5A3BA000998DC /* Build configuration list for PBXNativeTarget "LiveGodLife" */ = {
			isa = XCConfigurationList;
			buildConfigurations = (
				D08B66D728D5A3BA000998DC /* Debug */,
				D08B66D828D5A3BA000998DC /* Release */,
			);
			defaultConfigurationIsVisible = 0;
			defaultConfigurationName = Release;
		};
/* End XCConfigurationList section */
	};
	rootObject = D08B66BA28D5A3B9000998DC /* Project object */;
}
