// !$*UTF8*$!
{
	archiveVersion = 1;
	classes = {
	};
	objectVersion = 55;
	objects = {

/* Begin PBXBuildFile section */
		B92C310329377C97000DA2D7 /* ListViewController.swift in Sources */ = {isa = PBXBuildFile; fileRef = B92C310229377C97000DA2D7 /* ListViewController.swift */; };
		B92C310F29377CAD000DA2D7 /* CalendarModel.swift in Sources */ = {isa = PBXBuildFile; fileRef = B92C310629377CAD000DA2D7 /* CalendarModel.swift */; };
		B92C311029377CAD000DA2D7 /* CalendarListCell.swift in Sources */ = {isa = PBXBuildFile; fileRef = B92C310729377CAD000DA2D7 /* CalendarListCell.swift */; };
		B92C311129377CAD000DA2D7 /* CalendarListViewController.swift in Sources */ = {isa = PBXBuildFile; fileRef = B92C310829377CAD000DA2D7 /* CalendarListViewController.swift */; };
		B92C311229377CAD000DA2D7 /* CalendarCell.swift in Sources */ = {isa = PBXBuildFile; fileRef = B92C310929377CAD000DA2D7 /* CalendarCell.swift */; };
		B92C311329377CAD000DA2D7 /* TodoMainTabViewController.swift in Sources */ = {isa = PBXBuildFile; fileRef = B92C310A29377CAD000DA2D7 /* TodoMainTabViewController.swift */; };
		B92C311429377CAD000DA2D7 /* MindsetListViewController.swift in Sources */ = {isa = PBXBuildFile; fileRef = B92C310C29377CAD000DA2D7 /* MindsetListViewController.swift */; };
		B92C311529377CAD000DA2D7 /* MindsetListCell.swift in Sources */ = {isa = PBXBuildFile; fileRef = B92C310D29377CAD000DA2D7 /* MindsetListCell.swift */; };
		B92C311629377CAD000DA2D7 /* MindsetModel.swift in Sources */ = {isa = PBXBuildFile; fileRef = B92C310E29377CAD000DA2D7 /* MindsetModel.swift */; };
		B92C311829377CEA000DA2D7 /* Utill+.swift in Sources */ = {isa = PBXBuildFile; fileRef = B92C311729377CEA000DA2D7 /* Utill+.swift */; };
		B92C312529491819000DA2D7 /* NetworkManger.swift in Sources */ = {isa = PBXBuildFile; fileRef = B92C312429491819000DA2D7 /* NetworkManger.swift */; };
		B92C312729491868000DA2D7 /* LGLService.swift in Sources */ = {isa = PBXBuildFile; fileRef = B92C312629491868000DA2D7 /* LGLService.swift */; };
		B9B3F0CC29523A5A00A1387C /* CreateGoalsModel.swift in Sources */ = {isa = PBXBuildFile; fileRef = B9B3F0CB29523A5A00A1387C /* CreateGoalsModel.swift */; };
		C9152E9B29397F4400C6C025 /* GoalsModel.swift in Sources */ = {isa = PBXBuildFile; fileRef = C9152E9A29397F4400C6C025 /* GoalsModel.swift */; };
		C9152E9D29397F6100C6C025 /* GoalsListViewController.swift in Sources */ = {isa = PBXBuildFile; fileRef = C9152E9C29397F6100C6C025 /* GoalsListViewController.swift */; };
		C9152E9F29397F7800C6C025 /* GoalsListCell.swift in Sources */ = {isa = PBXBuildFile; fileRef = C9152E9E29397F7800C6C025 /* GoalsListCell.swift */; };
		C9B08C1D2958C19F0057E147 /* GoalOfTodoCell.swift in Sources */ = {isa = PBXBuildFile; fileRef = C9B08C1C2958C19F0057E147 /* GoalOfTodoCell.swift */; };
		C9D48CC4294BD2FC00F66265 /* GoalsCreateViewController.swift in Sources */ = {isa = PBXBuildFile; fileRef = C9D48CC3294BD2FC00F66265 /* GoalsCreateViewController.swift */; };
		C9D8D6E7291BAD940098DD09 /* UserInfoViewController.swift in Sources */ = {isa = PBXBuildFile; fileRef = C9D8D6E6291BAD940098DD09 /* UserInfoViewController.swift */; };
		C9D8D6EF291BE5870098DD09 /* AgreementViewController.swift in Sources */ = {isa = PBXBuildFile; fileRef = C9D8D6EE291BE5870098DD09 /* AgreementViewController.swift */; };
		C9D8D6F3291BEEAF0098DD09 /* JoinCompleteViewController.swift in Sources */ = {isa = PBXBuildFile; fileRef = C9D8D6F2291BEEAF0098DD09 /* JoinCompleteViewController.swift */; };
		CC0113EE29684E04009CAC95 /* TaskViewController.swift in Sources */ = {isa = PBXBuildFile; fileRef = CC0113ED29684E04009CAC95 /* TaskViewController.swift */; };
		CC0113F129684F1B009CAC95 /* TaskTableViewCell.swift in Sources */ = {isa = PBXBuildFile; fileRef = CC0113EF29684F1B009CAC95 /* TaskTableViewCell.swift */; };
		CC0113F229684F1B009CAC95 /* TaskTableViewCell.xib in Resources */ = {isa = PBXBuildFile; fileRef = CC0113F029684F1B009CAC95 /* TaskTableViewCell.xib */; };
		CC0113F429685466009CAC95 /* TodoProgressView.swift in Sources */ = {isa = PBXBuildFile; fileRef = CC0113F329685466009CAC95 /* TodoProgressView.swift */; };
		CC0113F629685491009CAC95 /* TodoProgressView.xib in Resources */ = {isa = PBXBuildFile; fileRef = CC0113F529685491009CAC95 /* TodoProgressView.xib */; };
		CC0113F82968592F009CAC95 /* PaddingLabel.swift in Sources */ = {isa = PBXBuildFile; fileRef = CC0113F72968592F009CAC95 /* PaddingLabel.swift */; };
		CC0113FA29690092009CAC95 /* TaskViewModel.swift in Sources */ = {isa = PBXBuildFile; fileRef = CC0113F929690092009CAC95 /* TaskViewModel.swift */; };
		CC3181E32965C0F500016A77 /* TodoDetailViewController.swift in Sources */ = {isa = PBXBuildFile; fileRef = CC3181E22965C0F500016A77 /* TodoDetailViewController.swift */; };
		CC3181E52965C19000016A77 /* TodoDetailViewController.storyboard in Resources */ = {isa = PBXBuildFile; fileRef = CC3181E42965C19000016A77 /* TodoDetailViewController.storyboard */; };
		CC3181E82965D7D600016A77 /* TaskInfoView.xib in Resources */ = {isa = PBXBuildFile; fileRef = CC3181E72965D7D600016A77 /* TaskInfoView.xib */; };
		CC3181EA2965D7DB00016A77 /* TaskInfoView.swift in Sources */ = {isa = PBXBuildFile; fileRef = CC3181E92965D7DB00016A77 /* TaskInfoView.swift */; };
		CC3D4B9F2971579900D24C0A /* CustomPageControl.swift in Sources */ = {isa = PBXBuildFile; fileRef = CC3D4B9E2971579900D24C0A /* CustomPageControl.swift */; };
		CC819B58295C5F62004ED428 /* UserToken.swift in Sources */ = {isa = PBXBuildFile; fileRef = CC819B57295C5F62004ED428 /* UserToken.swift */; };
		CC9C195128F651C100C53152 /* LoginViewController.swift in Sources */ = {isa = PBXBuildFile; fileRef = CC9C195028F651C100C53152 /* LoginViewController.swift */; };
		CC9C195528F6562700C53152 /* RoundedButton.swift in Sources */ = {isa = PBXBuildFile; fileRef = CC9C195428F6562700C53152 /* RoundedButton.swift */; };
		CCA802E6293F388F00D9579F /* PopupView.swift in Sources */ = {isa = PBXBuildFile; fileRef = CCA802E5293F388F00D9579F /* PopupView.swift */; };
		CCA802E8293F393C00D9579F /* PopupView.xib in Resources */ = {isa = PBXBuildFile; fileRef = CCA802E7293F393C00D9579F /* PopupView.xib */; };
		CCB882C4296DA528009284FF /* CircularProgressBar.swift in Sources */ = {isa = PBXBuildFile; fileRef = CCB882C3296DA528009284FF /* CircularProgressBar.swift */; };
		D00E46F228F7BDC200A18FE7 /* OnboardingView.swift in Sources */ = {isa = PBXBuildFile; fileRef = D00E46ED28F7BDC200A18FE7 /* OnboardingView.swift */; };
		D00E46F528F7BDC200A18FE7 /* OnboardingView.xib in Resources */ = {isa = PBXBuildFile; fileRef = D00E46F028F7BDC200A18FE7 /* OnboardingView.xib */; };
		D01E263A292A72F300FBFF5B /* UserAPI.swift in Sources */ = {isa = PBXBuildFile; fileRef = D01E2639292A72F300FBFF5B /* UserAPI.swift */; };
		D01E263E292AFCC300FBFF5B /* UserRepository.swift in Sources */ = {isa = PBXBuildFile; fileRef = D01E263D292AFCC300FBFF5B /* UserRepository.swift */; };
		D01E2641292B16F100FBFF5B /* SettingTableViewSection.swift in Sources */ = {isa = PBXBuildFile; fileRef = D01E2640292B16F100FBFF5B /* SettingTableViewSection.swift */; };
		D021B058290397660031481F /* NotificationName+.swift in Sources */ = {isa = PBXBuildFile; fileRef = D021B057290397660031481F /* NotificationName+.swift */; };
		D023B077290AB12100387C5C /* UIViewController+.swift in Sources */ = {isa = PBXBuildFile; fileRef = D023B076290AB12100387C5C /* UIViewController+.swift */; };
		D0340F4D29384E7100D2A5A6 /* SegmentControlView.swift in Sources */ = {isa = PBXBuildFile; fileRef = D04490FB290E952C00BED66F /* SegmentControlView.swift */; };
		D0340F4F29384FAF00D2A5A6 /* UIApplication+.swift in Sources */ = {isa = PBXBuildFile; fileRef = D0340F4E29384FAF00D2A5A6 /* UIApplication+.swift */; };
		D03FAA512916063D00E9B045 /* UIFont+Extension.swift in Sources */ = {isa = PBXBuildFile; fileRef = D03FAA502916063D00E9B045 /* UIFont+Extension.swift */; };
		D03FAA572916A93B00E9B045 /* TextFieldView.swift in Sources */ = {isa = PBXBuildFile; fileRef = D03FAA562916A93B00E9B045 /* TextFieldView.swift */; };
		D04D742628EB377A0013B5BB /* AppleLoginService.swift in Sources */ = {isa = PBXBuildFile; fileRef = D04D742528EB377A0013B5BB /* AppleLoginService.swift */; };
		D06181B728F15C0700B40E32 /* Requestable.swift in Sources */ = {isa = PBXBuildFile; fileRef = D06181B628F15C0700B40E32 /* Requestable.swift */; };
		D06181B928F161FD00B40E32 /* APIResponse.swift in Sources */ = {isa = PBXBuildFile; fileRef = D06181B828F161FD00B40E32 /* APIResponse.swift */; };
		D06181BB28F1621400B40E32 /* LoginType.swift in Sources */ = {isa = PBXBuildFile; fileRef = D06181BA28F1621400B40E32 /* LoginType.swift */; };
		D08B66C628D5A3B9000998DC /* AppDelegate.swift in Sources */ = {isa = PBXBuildFile; fileRef = D08B66C528D5A3B9000998DC /* AppDelegate.swift */; };
		D08B66C828D5A3B9000998DC /* SceneDelegate.swift in Sources */ = {isa = PBXBuildFile; fileRef = D08B66C728D5A3B9000998DC /* SceneDelegate.swift */; };
		D08B66CA28D5A3B9000998DC /* RootViewController.swift in Sources */ = {isa = PBXBuildFile; fileRef = D08B66C928D5A3B9000998DC /* RootViewController.swift */; };
		D08B66CF28D5A3BA000998DC /* Assets.xcassets in Resources */ = {isa = PBXBuildFile; fileRef = D08B66CE28D5A3BA000998DC /* Assets.xcassets */; };
		D08B66D228D5A3BA000998DC /* LaunchScreen.storyboard in Resources */ = {isa = PBXBuildFile; fileRef = D08B66D028D5A3BA000998DC /* LaunchScreen.storyboard */; };
		D0A214EF2905604500D5FF59 /* MyPageViewController.swift in Sources */ = {isa = PBXBuildFile; fileRef = D0A214EE2905604500D5FF59 /* MyPageViewController.swift */; };
		D0A215052905687B00D5FF59 /* Pretendard-Bold.otf in Resources */ = {isa = PBXBuildFile; fileRef = D0A214FE2905685600D5FF59 /* Pretendard-Bold.otf */; };
		D0A21506290568D600D5FF59 /* Pretendard-Regular.otf in Resources */ = {isa = PBXBuildFile; fileRef = D0A214FC2905685600D5FF59 /* Pretendard-Regular.otf */; };
		D0A215082905770300D5FF59 /* MyPageViewController.storyboard in Resources */ = {isa = PBXBuildFile; fileRef = D0A215072905770300D5FF59 /* MyPageViewController.storyboard */; };
		D0A2151D2906B7AF00D5FF59 /* Montserrat-Bold.otf in Resources */ = {isa = PBXBuildFile; fileRef = D0A2150F2906B76F00D5FF59 /* Montserrat-Bold.otf */; };
		D0B0583729362A580014F88E /* HomeViewController.storyboard in Resources */ = {isa = PBXBuildFile; fileRef = D0B0583629362A580014F88E /* HomeViewController.storyboard */; };
		D0B0583A29362D420014F88E /* HomeHeaderView.swift in Sources */ = {isa = PBXBuildFile; fileRef = D0B0583929362D420014F88E /* HomeHeaderView.swift */; };
		D0B0583C293656DF0014F88E /* FilterHeaderView.swift in Sources */ = {isa = PBXBuildFile; fileRef = D0B0583B293656DF0014F88E /* FilterHeaderView.swift */; };
		D0B0583F293659A40014F88E /* TodoCollectionViewCell.swift in Sources */ = {isa = PBXBuildFile; fileRef = D0B0583D293659A40014F88E /* TodoCollectionViewCell.swift */; };
		D0B05840293659A40014F88E /* TodoCollectionViewCell.xib in Resources */ = {isa = PBXBuildFile; fileRef = D0B0583E293659A40014F88E /* TodoCollectionViewCell.xib */; };
		D0B0584229365BB90014F88E /* FeedTableViewCell.xib in Resources */ = {isa = PBXBuildFile; fileRef = D0B0584129365BB90014F88E /* FeedTableViewCell.xib */; };
		D0B0584429365F7F0014F88E /* FeedCollectionViewCell.swift in Sources */ = {isa = PBXBuildFile; fileRef = D0B0584329365F7F0014F88E /* FeedCollectionViewCell.swift */; };
		D0B8D87B28F1A4E200E9339E /* UserModel.swift in Sources */ = {isa = PBXBuildFile; fileRef = D0B8D87A28F1A4E200E9339E /* UserModel.swift */; };
		D0B8D87D28F1A9CA00E9339E /* JSONDecodeService.swift in Sources */ = {isa = PBXBuildFile; fileRef = D0B8D87C28F1A9CA00E9339E /* JSONDecodeService.swift */; };
		D0BAD2BD28FEC6DC00637482 /* UIColor+Extension.swift in Sources */ = {isa = PBXBuildFile; fileRef = D0BAD2BC28FEC6DC00637482 /* UIColor+Extension.swift */; };
		D0BB5B512906B9C800E46063 /* Montserrat-Regular.otf in Resources */ = {isa = PBXBuildFile; fileRef = D0A215132906B76F00D5FF59 /* Montserrat-Regular.otf */; };
		D0BB5B522906C16F00E46063 /* Pretendard-Black.otf in Resources */ = {isa = PBXBuildFile; fileRef = D0A215012905685700D5FF59 /* Pretendard-Black.otf */; };
		D0BB5B532906C17300E46063 /* Pretendard-ExtraBold.otf in Resources */ = {isa = PBXBuildFile; fileRef = D0A215042905685700D5FF59 /* Pretendard-ExtraBold.otf */; };
		D0BB5B542906C17500E46063 /* Pretendard-ExtraLight.otf in Resources */ = {isa = PBXBuildFile; fileRef = D0A215032905685700D5FF59 /* Pretendard-ExtraLight.otf */; };
		D0BB5B552906C17900E46063 /* Pretendard-Light.otf in Resources */ = {isa = PBXBuildFile; fileRef = D0A214FF2905685600D5FF59 /* Pretendard-Light.otf */; };
		D0BB5B562906C17C00E46063 /* Pretendard-Medium.otf in Resources */ = {isa = PBXBuildFile; fileRef = D0A215022905685700D5FF59 /* Pretendard-Medium.otf */; };
		D0BB5B572906C17F00E46063 /* Pretendard-SemiBold.otf in Resources */ = {isa = PBXBuildFile; fileRef = D0A215002905685600D5FF59 /* Pretendard-SemiBold.otf */; };
		D0BB5B582906C18300E46063 /* Pretendard-Thin.otf in Resources */ = {isa = PBXBuildFile; fileRef = D0A214FD2905685600D5FF59 /* Pretendard-Thin.otf */; };
		D0BB5B592906C18600E46063 /* Montserrat-Black.otf in Resources */ = {isa = PBXBuildFile; fileRef = D0A215192906B77000D5FF59 /* Montserrat-Black.otf */; };
		D0BB5B5A2906C18C00E46063 /* Montserrat-ExtraBold.otf in Resources */ = {isa = PBXBuildFile; fileRef = D0A2151B2906B77000D5FF59 /* Montserrat-ExtraBold.otf */; };
		D0BB5B5B2906C18F00E46063 /* Montserrat-ExtraLight.otf in Resources */ = {isa = PBXBuildFile; fileRef = D0A215122906B76F00D5FF59 /* Montserrat-ExtraLight.otf */; };
		D0BB5B5C2906C19100E46063 /* Montserrat-Light.otf in Resources */ = {isa = PBXBuildFile; fileRef = D0A2150E2906B76F00D5FF59 /* Montserrat-Light.otf */; };
		D0BB5B5D2906C19300E46063 /* Montserrat-Medium.otf in Resources */ = {isa = PBXBuildFile; fileRef = D0A2150A2906B76F00D5FF59 /* Montserrat-Medium.otf */; };
		D0BB5B5E2906C19700E46063 /* Montserrat-SemiBold.otf in Resources */ = {isa = PBXBuildFile; fileRef = D0A215182906B76F00D5FF59 /* Montserrat-SemiBold.otf */; };
		D0BB5B5F2906C19900E46063 /* Montserrat-Thin.otf in Resources */ = {isa = PBXBuildFile; fileRef = D0A2150C2906B76F00D5FF59 /* Montserrat-Thin.otf */; };
		D0BB5B652906C59E00E46063 /* SettingViewController.swift in Sources */ = {isa = PBXBuildFile; fileRef = D0BB5B642906C59E00E46063 /* SettingViewController.swift */; };
		D0BB5B682906CD1F00E46063 /* SettingTableViewCell.swift in Sources */ = {isa = PBXBuildFile; fileRef = D0BB5B662906CD1F00E46063 /* SettingTableViewCell.swift */; };
		D0BB5B692906CD1F00E46063 /* SettingTableViewCell.xib in Resources */ = {isa = PBXBuildFile; fileRef = D0BB5B672906CD1F00E46063 /* SettingTableViewCell.xib */; };
		D0BB5B6D2906D3D000E46063 /* ProfileUpdateViewController.swift in Sources */ = {isa = PBXBuildFile; fileRef = D0BB5B6C2906D3D000E46063 /* ProfileUpdateViewController.swift */; };
		D0BB5B6F2909473500E46063 /* ProfileUpdateViewController.storyboard in Resources */ = {isa = PBXBuildFile; fileRef = D0BB5B6E2909473500E46063 /* ProfileUpdateViewController.storyboard */; };
		D0BB5B7129094E4F00E46063 /* UnregisterViewController.swift in Sources */ = {isa = PBXBuildFile; fileRef = D0BB5B7029094E4F00E46063 /* UnregisterViewController.swift */; };
		D0BB5B7329094EBF00E46063 /* UnregisterViewController.storyboard in Resources */ = {isa = PBXBuildFile; fileRef = D0BB5B7229094EBF00E46063 /* UnregisterViewController.storyboard */; };
		D0BB5B752909590800E46063 /* SettingTableViewCellViewModel.swift in Sources */ = {isa = PBXBuildFile; fileRef = D0BB5B742909590800E46063 /* SettingTableViewCellViewModel.swift */; };
		D0BF16CC28F9AC1000CDA6CE /* OnboardingViewController.swift in Sources */ = {isa = PBXBuildFile; fileRef = D0BF16CB28F9AC1000CDA6CE /* OnboardingViewController.swift */; };
		D0BF16CE28F9AF2D00CDA6CE /* OnboardingViewController.storyboard in Resources */ = {isa = PBXBuildFile; fileRef = D0BF16CD28F9AF2D00CDA6CE /* OnboardingViewController.storyboard */; };
		D0C18319292BB5B3007E3ED4 /* TabBarView.swift in Sources */ = {isa = PBXBuildFile; fileRef = D0C18316292BB5B3007E3ED4 /* TabBarView.swift */; };
		D0C1831A292BB5B3007E3ED4 /* TabBarView.xib in Resources */ = {isa = PBXBuildFile; fileRef = D0C18317292BB5B3007E3ED4 /* TabBarView.xib */; };
		D0C51E2C28F121D80004514A /* APIEndpoint.swift in Sources */ = {isa = PBXBuildFile; fileRef = D0C51E2B28F121D80004514A /* APIEndpoint.swift */; };
		D0C97A612937932B001EC122 /* UIImage+.swift in Sources */ = {isa = PBXBuildFile; fileRef = D0C97A602937932B001EC122 /* UIImage+.swift */; };
		D0C97A6329379444001EC122 /* UIView+Extension.swift in Sources */ = {isa = PBXBuildFile; fileRef = D0C97A6229379444001EC122 /* UIView+Extension.swift */; };
		D0D42D3F2938C91E00211317 /* MyPageAPI.swift in Sources */ = {isa = PBXBuildFile; fileRef = D0D42D3E2938C91E00211317 /* MyPageAPI.swift */; };
		D0D42D412938C9B800211317 /* MyPageRepository.swift in Sources */ = {isa = PBXBuildFile; fileRef = D0D42D402938C9B800211317 /* MyPageRepository.swift */; };
		D0E3B2A3291D1CDF00601936 /* CategoryFilterView.swift in Sources */ = {isa = PBXBuildFile; fileRef = D0E3B293291D1CDE00601936 /* CategoryFilterView.swift */; };
		D0E3B2A5291D1CDF00601936 /* HomeViewController.swift in Sources */ = {isa = PBXBuildFile; fileRef = D0E3B295291D1CDE00601936 /* HomeViewController.swift */; };
		D0E3B2A6291D1CDF00601936 /* Feed.swift in Sources */ = {isa = PBXBuildFile; fileRef = D0E3B296291D1CDE00601936 /* Feed.swift */; };
		D0E3B2A7291D1CDF00601936 /* FeedViewController.swift in Sources */ = {isa = PBXBuildFile; fileRef = D0E3B297291D1CDE00601936 /* FeedViewController.swift */; };
		D0E3B2A8291D1CDF00601936 /* FeedTableViewCell.swift in Sources */ = {isa = PBXBuildFile; fileRef = D0E3B299291D1CDE00601936 /* FeedTableViewCell.swift */; };
		D0E3B2AC291D1CDF00601936 /* FeedCollectionViewCell.xib in Resources */ = {isa = PBXBuildFile; fileRef = D0E3B29D291D1CDE00601936 /* FeedCollectionViewCell.xib */; };
		D0E3B2B0291D1CDF00601936 /* CategoryButton.swift in Sources */ = {isa = PBXBuildFile; fileRef = D0E3B2A1291D1CDE00601936 /* CategoryButton.swift */; };
		D0E3B2B6291FC15A00601936 /* FeedDetailViewController.swift in Sources */ = {isa = PBXBuildFile; fileRef = D0E3B2B5291FC15A00601936 /* FeedDetailViewController.swift */; };
		D0E3B2C1292123DD00601936 /* FeedRepository.swift in Sources */ = {isa = PBXBuildFile; fileRef = D0E3B2C0292123DD00601936 /* FeedRepository.swift */; };
		D0E3B2C92924C89B00601936 /* TodoDropDownView.xib in Resources */ = {isa = PBXBuildFile; fileRef = D0E3B2C82924C89B00601936 /* TodoDropDownView.xib */; };
		D0E3B2CB2924C8A200601936 /* TodoDropDownView.swift in Sources */ = {isa = PBXBuildFile; fileRef = D0E3B2CA2924C8A200601936 /* TodoDropDownView.swift */; };
		D0E3B2CD29250A3C00601936 /* MindsetView.xib in Resources */ = {isa = PBXBuildFile; fileRef = D0E3B2CC29250A3C00601936 /* MindsetView.xib */; };
		D0E3B2CF29250C0C00601936 /* MindsetView.swift in Sources */ = {isa = PBXBuildFile; fileRef = D0E3B2CE29250C0C00601936 /* MindsetView.swift */; };
		D0E3B2D529288F3A00601936 /* FeedAPI.swift in Sources */ = {isa = PBXBuildFile; fileRef = D0E3B2D329287FE400601936 /* FeedAPI.swift */; };
		D0E3B2D72928A64400601936 /* HomeAPI.swift in Sources */ = {isa = PBXBuildFile; fileRef = D0E3B2D62928A64400601936 /* HomeAPI.swift */; };
		D0E3B2D92928A73600601936 /* HomeRepository.swift in Sources */ = {isa = PBXBuildFile; fileRef = D0E3B2D82928A73600601936 /* HomeRepository.swift */; };
		D0E3B2DC2928B1E500601936 /* Mindset.swift in Sources */ = {isa = PBXBuildFile; fileRef = D0E3B2DB2928B1E500601936 /* Mindset.swift */; };
		D0E4AE422917BE8700549BC0 /* ImageCollectionViewModel.swift in Sources */ = {isa = PBXBuildFile; fileRef = D0E4AE412917BE8700549BC0 /* ImageCollectionViewModel.swift */; };
		D0E4AE452917C01900549BC0 /* ImageCollectionViewCell.swift in Sources */ = {isa = PBXBuildFile; fileRef = D0E4AE442917C01900549BC0 /* ImageCollectionViewCell.swift */; };
		D0E4AE472917D8A700549BC0 /* String+Extension.swift in Sources */ = {isa = PBXBuildFile; fileRef = D0E4AE462917D8A700549BC0 /* String+Extension.swift */; };
		D0E4AE492917E72600549BC0 /* SegmentControlButton.swift in Sources */ = {isa = PBXBuildFile; fileRef = D0E4AE482917E72600549BC0 /* SegmentControlButton.swift */; };
		E96364DE297FAE6B005F16CD /* Moya in Frameworks */ = {isa = PBXBuildFile; productRef = E96364DD297FAE6B005F16CD /* Moya */; };
		E96364E1297FAE97005F16CD /* SnapKit in Frameworks */ = {isa = PBXBuildFile; productRef = E96364E0297FAE97005F16CD /* SnapKit */; };
		E96364E4297FAF1F005F16CD /* PopupDialog in Frameworks */ = {isa = PBXBuildFile; productRef = E96364E3297FAF1F005F16CD /* PopupDialog */; };
		E96364E7297FAF57005F16CD /* KakaoSDKAuth in Frameworks */ = {isa = PBXBuildFile; productRef = E96364E6297FAF57005F16CD /* KakaoSDKAuth */; };
		E96364E9297FAF57005F16CD /* KakaoSDKUser in Frameworks */ = {isa = PBXBuildFile; productRef = E96364E8297FAF57005F16CD /* KakaoSDKUser */; };
		E96364EC297FAF90005F16CD /* Kingfisher in Frameworks */ = {isa = PBXBuildFile; productRef = E96364EB297FAF90005F16CD /* Kingfisher */; };
		E96364EF297FAFCD005F16CD /* Then in Frameworks */ = {isa = PBXBuildFile; productRef = E96364EE297FAFCD005F16CD /* Then */; };
		E96364F2297FB05E005F16CD /* SwiftyJSON in Frameworks */ = {isa = PBXBuildFile; productRef = E96364F1297FB05E005F16CD /* SwiftyJSON */; };
		E96364F6297FB632005F16CD /* UIColor+.swift in Sources */ = {isa = PBXBuildFile; fileRef = E96364F5297FB632005F16CD /* UIColor+.swift */; };
		E96364F8297FB9AF005F16CD /* UIButton+.swift in Sources */ = {isa = PBXBuildFile; fileRef = E96364F7297FB9AF005F16CD /* UIButton+.swift */; };
		E96364FB297FC07A005F16CD /* CombineCocoa in Frameworks */ = {isa = PBXBuildFile; productRef = E96364FA297FC07A005F16CD /* CombineCocoa */; };
/* End PBXBuildFile section */

/* Begin PBXFileReference section */
		B92C310229377C97000DA2D7 /* ListViewController.swift */ = {isa = PBXFileReference; fileEncoding = 4; lastKnownFileType = sourcecode.swift; path = ListViewController.swift; sourceTree = "<group>"; };
		B92C310629377CAD000DA2D7 /* CalendarModel.swift */ = {isa = PBXFileReference; fileEncoding = 4; lastKnownFileType = sourcecode.swift; path = CalendarModel.swift; sourceTree = "<group>"; };
		B92C310729377CAD000DA2D7 /* CalendarListCell.swift */ = {isa = PBXFileReference; fileEncoding = 4; lastKnownFileType = sourcecode.swift; path = CalendarListCell.swift; sourceTree = "<group>"; };
		B92C310829377CAD000DA2D7 /* CalendarListViewController.swift */ = {isa = PBXFileReference; fileEncoding = 4; lastKnownFileType = sourcecode.swift; path = CalendarListViewController.swift; sourceTree = "<group>"; };
		B92C310929377CAD000DA2D7 /* CalendarCell.swift */ = {isa = PBXFileReference; fileEncoding = 4; lastKnownFileType = sourcecode.swift; path = CalendarCell.swift; sourceTree = "<group>"; };
		B92C310A29377CAD000DA2D7 /* TodoMainTabViewController.swift */ = {isa = PBXFileReference; fileEncoding = 4; lastKnownFileType = sourcecode.swift; path = TodoMainTabViewController.swift; sourceTree = "<group>"; };
		B92C310C29377CAD000DA2D7 /* MindsetListViewController.swift */ = {isa = PBXFileReference; fileEncoding = 4; lastKnownFileType = sourcecode.swift; path = MindsetListViewController.swift; sourceTree = "<group>"; };
		B92C310D29377CAD000DA2D7 /* MindsetListCell.swift */ = {isa = PBXFileReference; fileEncoding = 4; lastKnownFileType = sourcecode.swift; path = MindsetListCell.swift; sourceTree = "<group>"; };
		B92C310E29377CAD000DA2D7 /* MindsetModel.swift */ = {isa = PBXFileReference; fileEncoding = 4; lastKnownFileType = sourcecode.swift; path = MindsetModel.swift; sourceTree = "<group>"; };
		B92C311729377CEA000DA2D7 /* Utill+.swift */ = {isa = PBXFileReference; fileEncoding = 4; lastKnownFileType = sourcecode.swift; path = "Utill+.swift"; sourceTree = "<group>"; };
		B92C312429491819000DA2D7 /* NetworkManger.swift */ = {isa = PBXFileReference; lastKnownFileType = sourcecode.swift; path = NetworkManger.swift; sourceTree = "<group>"; };
		B92C312629491868000DA2D7 /* LGLService.swift */ = {isa = PBXFileReference; lastKnownFileType = sourcecode.swift; path = LGLService.swift; sourceTree = "<group>"; };
		B9B3F0CB29523A5A00A1387C /* CreateGoalsModel.swift */ = {isa = PBXFileReference; lastKnownFileType = sourcecode.swift; path = CreateGoalsModel.swift; sourceTree = "<group>"; };
		C9152E9A29397F4400C6C025 /* GoalsModel.swift */ = {isa = PBXFileReference; lastKnownFileType = sourcecode.swift; path = GoalsModel.swift; sourceTree = "<group>"; };
		C9152E9C29397F6100C6C025 /* GoalsListViewController.swift */ = {isa = PBXFileReference; lastKnownFileType = sourcecode.swift; path = GoalsListViewController.swift; sourceTree = "<group>"; };
		C9152E9E29397F7800C6C025 /* GoalsListCell.swift */ = {isa = PBXFileReference; lastKnownFileType = sourcecode.swift; path = GoalsListCell.swift; sourceTree = "<group>"; };
		C9B08C1C2958C19F0057E147 /* GoalOfTodoCell.swift */ = {isa = PBXFileReference; lastKnownFileType = sourcecode.swift; path = GoalOfTodoCell.swift; sourceTree = "<group>"; };
		C9D48CC3294BD2FC00F66265 /* GoalsCreateViewController.swift */ = {isa = PBXFileReference; lastKnownFileType = sourcecode.swift; path = GoalsCreateViewController.swift; sourceTree = "<group>"; };
		C9D8D6E6291BAD940098DD09 /* UserInfoViewController.swift */ = {isa = PBXFileReference; lastKnownFileType = sourcecode.swift; path = UserInfoViewController.swift; sourceTree = "<group>"; };
		C9D8D6EE291BE5870098DD09 /* AgreementViewController.swift */ = {isa = PBXFileReference; lastKnownFileType = sourcecode.swift; path = AgreementViewController.swift; sourceTree = "<group>"; };
		C9D8D6F2291BEEAF0098DD09 /* JoinCompleteViewController.swift */ = {isa = PBXFileReference; lastKnownFileType = sourcecode.swift; path = JoinCompleteViewController.swift; sourceTree = "<group>"; };
		CC0113ED29684E04009CAC95 /* TaskViewController.swift */ = {isa = PBXFileReference; lastKnownFileType = sourcecode.swift; path = TaskViewController.swift; sourceTree = "<group>"; };
		CC0113EF29684F1B009CAC95 /* TaskTableViewCell.swift */ = {isa = PBXFileReference; lastKnownFileType = sourcecode.swift; path = TaskTableViewCell.swift; sourceTree = "<group>"; };
		CC0113F029684F1B009CAC95 /* TaskTableViewCell.xib */ = {isa = PBXFileReference; lastKnownFileType = file.xib; path = TaskTableViewCell.xib; sourceTree = "<group>"; };
		CC0113F329685466009CAC95 /* TodoProgressView.swift */ = {isa = PBXFileReference; lastKnownFileType = sourcecode.swift; path = TodoProgressView.swift; sourceTree = "<group>"; };
		CC0113F529685491009CAC95 /* TodoProgressView.xib */ = {isa = PBXFileReference; lastKnownFileType = file.xib; path = TodoProgressView.xib; sourceTree = "<group>"; };
		CC0113F72968592F009CAC95 /* PaddingLabel.swift */ = {isa = PBXFileReference; lastKnownFileType = sourcecode.swift; path = PaddingLabel.swift; sourceTree = "<group>"; };
		CC0113F929690092009CAC95 /* TaskViewModel.swift */ = {isa = PBXFileReference; lastKnownFileType = sourcecode.swift; path = TaskViewModel.swift; sourceTree = "<group>"; };
		CC3181E22965C0F500016A77 /* TodoDetailViewController.swift */ = {isa = PBXFileReference; lastKnownFileType = sourcecode.swift; path = TodoDetailViewController.swift; sourceTree = "<group>"; };
		CC3181E42965C19000016A77 /* TodoDetailViewController.storyboard */ = {isa = PBXFileReference; lastKnownFileType = file.storyboard; path = TodoDetailViewController.storyboard; sourceTree = "<group>"; };
		CC3181E72965D7D600016A77 /* TaskInfoView.xib */ = {isa = PBXFileReference; lastKnownFileType = file.xib; path = TaskInfoView.xib; sourceTree = "<group>"; };
		CC3181E92965D7DB00016A77 /* TaskInfoView.swift */ = {isa = PBXFileReference; lastKnownFileType = sourcecode.swift; path = TaskInfoView.swift; sourceTree = "<group>"; };
		CC3D4B9E2971579900D24C0A /* CustomPageControl.swift */ = {isa = PBXFileReference; lastKnownFileType = sourcecode.swift; path = CustomPageControl.swift; sourceTree = "<group>"; };
		CC819B57295C5F62004ED428 /* UserToken.swift */ = {isa = PBXFileReference; lastKnownFileType = sourcecode.swift; path = UserToken.swift; sourceTree = "<group>"; };
		CC9C195028F651C100C53152 /* LoginViewController.swift */ = {isa = PBXFileReference; lastKnownFileType = sourcecode.swift; path = LoginViewController.swift; sourceTree = "<group>"; };
		CC9C195428F6562700C53152 /* RoundedButton.swift */ = {isa = PBXFileReference; lastKnownFileType = sourcecode.swift; path = RoundedButton.swift; sourceTree = "<group>"; };
		CCA802E5293F388F00D9579F /* PopupView.swift */ = {isa = PBXFileReference; lastKnownFileType = sourcecode.swift; path = PopupView.swift; sourceTree = "<group>"; };
		CCA802E7293F393C00D9579F /* PopupView.xib */ = {isa = PBXFileReference; lastKnownFileType = file.xib; path = PopupView.xib; sourceTree = "<group>"; };
		CCB882C3296DA528009284FF /* CircularProgressBar.swift */ = {isa = PBXFileReference; lastKnownFileType = sourcecode.swift; path = CircularProgressBar.swift; sourceTree = "<group>"; };
		D00E46ED28F7BDC200A18FE7 /* OnboardingView.swift */ = {isa = PBXFileReference; fileEncoding = 4; lastKnownFileType = sourcecode.swift; path = OnboardingView.swift; sourceTree = "<group>"; };
		D00E46F028F7BDC200A18FE7 /* OnboardingView.xib */ = {isa = PBXFileReference; fileEncoding = 4; lastKnownFileType = file.xib; path = OnboardingView.xib; sourceTree = "<group>"; };
		D01E2639292A72F300FBFF5B /* UserAPI.swift */ = {isa = PBXFileReference; lastKnownFileType = sourcecode.swift; path = UserAPI.swift; sourceTree = "<group>"; };
		D01E263D292AFCC300FBFF5B /* UserRepository.swift */ = {isa = PBXFileReference; lastKnownFileType = sourcecode.swift; path = UserRepository.swift; sourceTree = "<group>"; };
		D01E2640292B16F100FBFF5B /* SettingTableViewSection.swift */ = {isa = PBXFileReference; lastKnownFileType = sourcecode.swift; path = SettingTableViewSection.swift; sourceTree = "<group>"; };
		D021B057290397660031481F /* NotificationName+.swift */ = {isa = PBXFileReference; lastKnownFileType = sourcecode.swift; path = "NotificationName+.swift"; sourceTree = "<group>"; };
		D023B076290AB12100387C5C /* UIViewController+.swift */ = {isa = PBXFileReference; lastKnownFileType = sourcecode.swift; path = "UIViewController+.swift"; sourceTree = "<group>"; };
		D0340F4E29384FAF00D2A5A6 /* UIApplication+.swift */ = {isa = PBXFileReference; fileEncoding = 4; lastKnownFileType = sourcecode.swift; path = "UIApplication+.swift"; sourceTree = "<group>"; };
		D03FAA502916063D00E9B045 /* UIFont+Extension.swift */ = {isa = PBXFileReference; lastKnownFileType = sourcecode.swift; path = "UIFont+Extension.swift"; sourceTree = "<group>"; };
		D03FAA562916A93B00E9B045 /* TextFieldView.swift */ = {isa = PBXFileReference; lastKnownFileType = sourcecode.swift; path = TextFieldView.swift; sourceTree = "<group>"; };
		D04490FB290E952C00BED66F /* SegmentControlView.swift */ = {isa = PBXFileReference; lastKnownFileType = sourcecode.swift; name = SegmentControlView.swift; path = ../UI/SegmentControlView.swift; sourceTree = "<group>"; };
		D04D742528EB377A0013B5BB /* AppleLoginService.swift */ = {isa = PBXFileReference; lastKnownFileType = sourcecode.swift; path = AppleLoginService.swift; sourceTree = "<group>"; };
		D06181B628F15C0700B40E32 /* Requestable.swift */ = {isa = PBXFileReference; lastKnownFileType = sourcecode.swift; path = Requestable.swift; sourceTree = "<group>"; };
		D06181B828F161FD00B40E32 /* APIResponse.swift */ = {isa = PBXFileReference; lastKnownFileType = sourcecode.swift; path = APIResponse.swift; sourceTree = "<group>"; };
		D06181BA28F1621400B40E32 /* LoginType.swift */ = {isa = PBXFileReference; lastKnownFileType = sourcecode.swift; path = LoginType.swift; sourceTree = "<group>"; };
		D08B66C528D5A3B9000998DC /* AppDelegate.swift */ = {isa = PBXFileReference; lastKnownFileType = sourcecode.swift; path = AppDelegate.swift; sourceTree = "<group>"; };
		D08B66C728D5A3B9000998DC /* SceneDelegate.swift */ = {isa = PBXFileReference; lastKnownFileType = sourcecode.swift; path = SceneDelegate.swift; sourceTree = "<group>"; };
		D08B66C928D5A3B9000998DC /* RootViewController.swift */ = {isa = PBXFileReference; lastKnownFileType = sourcecode.swift; path = RootViewController.swift; sourceTree = "<group>"; };
		D08B66CE28D5A3BA000998DC /* Assets.xcassets */ = {isa = PBXFileReference; lastKnownFileType = folder.assetcatalog; path = Assets.xcassets; sourceTree = "<group>"; };
		D08B66D128D5A3BA000998DC /* Base */ = {isa = PBXFileReference; lastKnownFileType = file.storyboard; name = Base; path = Base.lproj/LaunchScreen.storyboard; sourceTree = "<group>"; };
		D08B66D328D5A3BA000998DC /* Info.plist */ = {isa = PBXFileReference; lastKnownFileType = text.plist.xml; path = Info.plist; sourceTree = "<group>"; };
		D08DBF0E28DF2D8000C2D370 /* LiveGodLife.entitlements */ = {isa = PBXFileReference; lastKnownFileType = text.plist.entitlements; path = LiveGodLife.entitlements; sourceTree = "<group>"; };
		D0A214EE2905604500D5FF59 /* MyPageViewController.swift */ = {isa = PBXFileReference; lastKnownFileType = sourcecode.swift; path = MyPageViewController.swift; sourceTree = "<group>"; };
		D0A214FC2905685600D5FF59 /* Pretendard-Regular.otf */ = {isa = PBXFileReference; lastKnownFileType = text; path = "Pretendard-Regular.otf"; sourceTree = "<group>"; };
		D0A214FD2905685600D5FF59 /* Pretendard-Thin.otf */ = {isa = PBXFileReference; lastKnownFileType = file; path = "Pretendard-Thin.otf"; sourceTree = "<group>"; };
		D0A214FE2905685600D5FF59 /* Pretendard-Bold.otf */ = {isa = PBXFileReference; lastKnownFileType = file; path = "Pretendard-Bold.otf"; sourceTree = "<group>"; };
		D0A214FF2905685600D5FF59 /* Pretendard-Light.otf */ = {isa = PBXFileReference; lastKnownFileType = file; path = "Pretendard-Light.otf"; sourceTree = "<group>"; };
		D0A215002905685600D5FF59 /* Pretendard-SemiBold.otf */ = {isa = PBXFileReference; lastKnownFileType = file; path = "Pretendard-SemiBold.otf"; sourceTree = "<group>"; };
		D0A215012905685700D5FF59 /* Pretendard-Black.otf */ = {isa = PBXFileReference; lastKnownFileType = file; path = "Pretendard-Black.otf"; sourceTree = "<group>"; };
		D0A215022905685700D5FF59 /* Pretendard-Medium.otf */ = {isa = PBXFileReference; lastKnownFileType = file; path = "Pretendard-Medium.otf"; sourceTree = "<group>"; };
		D0A215032905685700D5FF59 /* Pretendard-ExtraLight.otf */ = {isa = PBXFileReference; lastKnownFileType = file; path = "Pretendard-ExtraLight.otf"; sourceTree = "<group>"; };
		D0A215042905685700D5FF59 /* Pretendard-ExtraBold.otf */ = {isa = PBXFileReference; lastKnownFileType = file; path = "Pretendard-ExtraBold.otf"; sourceTree = "<group>"; };
		D0A215072905770300D5FF59 /* MyPageViewController.storyboard */ = {isa = PBXFileReference; lastKnownFileType = file.storyboard; path = MyPageViewController.storyboard; sourceTree = "<group>"; };
		D0A2150A2906B76F00D5FF59 /* Montserrat-Medium.otf */ = {isa = PBXFileReference; lastKnownFileType = file; path = "Montserrat-Medium.otf"; sourceTree = "<group>"; };
		D0A2150C2906B76F00D5FF59 /* Montserrat-Thin.otf */ = {isa = PBXFileReference; lastKnownFileType = file; path = "Montserrat-Thin.otf"; sourceTree = "<group>"; };
		D0A2150E2906B76F00D5FF59 /* Montserrat-Light.otf */ = {isa = PBXFileReference; lastKnownFileType = file; path = "Montserrat-Light.otf"; sourceTree = "<group>"; };
		D0A2150F2906B76F00D5FF59 /* Montserrat-Bold.otf */ = {isa = PBXFileReference; lastKnownFileType = file; path = "Montserrat-Bold.otf"; sourceTree = "<group>"; };
		D0A215122906B76F00D5FF59 /* Montserrat-ExtraLight.otf */ = {isa = PBXFileReference; lastKnownFileType = file; path = "Montserrat-ExtraLight.otf"; sourceTree = "<group>"; };
		D0A215132906B76F00D5FF59 /* Montserrat-Regular.otf */ = {isa = PBXFileReference; lastKnownFileType = file; path = "Montserrat-Regular.otf"; sourceTree = "<group>"; };
		D0A215182906B76F00D5FF59 /* Montserrat-SemiBold.otf */ = {isa = PBXFileReference; lastKnownFileType = file; path = "Montserrat-SemiBold.otf"; sourceTree = "<group>"; };
		D0A215192906B77000D5FF59 /* Montserrat-Black.otf */ = {isa = PBXFileReference; lastKnownFileType = file; path = "Montserrat-Black.otf"; sourceTree = "<group>"; };
		D0A2151B2906B77000D5FF59 /* Montserrat-ExtraBold.otf */ = {isa = PBXFileReference; lastKnownFileType = file; path = "Montserrat-ExtraBold.otf"; sourceTree = "<group>"; };
		D0B0583629362A580014F88E /* HomeViewController.storyboard */ = {isa = PBXFileReference; lastKnownFileType = file.storyboard; path = HomeViewController.storyboard; sourceTree = "<group>"; };
		D0B0583929362D420014F88E /* HomeHeaderView.swift */ = {isa = PBXFileReference; lastKnownFileType = sourcecode.swift; path = HomeHeaderView.swift; sourceTree = "<group>"; };
		D0B0583B293656DF0014F88E /* FilterHeaderView.swift */ = {isa = PBXFileReference; lastKnownFileType = sourcecode.swift; path = FilterHeaderView.swift; sourceTree = "<group>"; };
		D0B0583D293659A40014F88E /* TodoCollectionViewCell.swift */ = {isa = PBXFileReference; fileEncoding = 4; lastKnownFileType = sourcecode.swift; path = TodoCollectionViewCell.swift; sourceTree = "<group>"; };
		D0B0583E293659A40014F88E /* TodoCollectionViewCell.xib */ = {isa = PBXFileReference; fileEncoding = 4; lastKnownFileType = file.xib; path = TodoCollectionViewCell.xib; sourceTree = "<group>"; };
		D0B0584129365BB90014F88E /* FeedTableViewCell.xib */ = {isa = PBXFileReference; lastKnownFileType = file.xib; path = FeedTableViewCell.xib; sourceTree = "<group>"; };
		D0B0584329365F7F0014F88E /* FeedCollectionViewCell.swift */ = {isa = PBXFileReference; lastKnownFileType = sourcecode.swift; path = FeedCollectionViewCell.swift; sourceTree = "<group>"; };
		D0B8D87A28F1A4E200E9339E /* UserModel.swift */ = {isa = PBXFileReference; lastKnownFileType = sourcecode.swift; path = UserModel.swift; sourceTree = "<group>"; };
		D0B8D87C28F1A9CA00E9339E /* JSONDecodeService.swift */ = {isa = PBXFileReference; lastKnownFileType = sourcecode.swift; path = JSONDecodeService.swift; sourceTree = "<group>"; };
		D0BAD2BC28FEC6DC00637482 /* UIColor+Extension.swift */ = {isa = PBXFileReference; lastKnownFileType = sourcecode.swift; path = "UIColor+Extension.swift"; sourceTree = "<group>"; };
		D0BB5B642906C59E00E46063 /* SettingViewController.swift */ = {isa = PBXFileReference; lastKnownFileType = sourcecode.swift; path = SettingViewController.swift; sourceTree = "<group>"; };
		D0BB5B662906CD1F00E46063 /* SettingTableViewCell.swift */ = {isa = PBXFileReference; lastKnownFileType = sourcecode.swift; path = SettingTableViewCell.swift; sourceTree = "<group>"; };
		D0BB5B672906CD1F00E46063 /* SettingTableViewCell.xib */ = {isa = PBXFileReference; lastKnownFileType = file.xib; path = SettingTableViewCell.xib; sourceTree = "<group>"; };
		D0BB5B6C2906D3D000E46063 /* ProfileUpdateViewController.swift */ = {isa = PBXFileReference; lastKnownFileType = sourcecode.swift; path = ProfileUpdateViewController.swift; sourceTree = "<group>"; };
		D0BB5B6E2909473500E46063 /* ProfileUpdateViewController.storyboard */ = {isa = PBXFileReference; lastKnownFileType = file.storyboard; path = ProfileUpdateViewController.storyboard; sourceTree = "<group>"; };
		D0BB5B7029094E4F00E46063 /* UnregisterViewController.swift */ = {isa = PBXFileReference; lastKnownFileType = sourcecode.swift; path = UnregisterViewController.swift; sourceTree = "<group>"; };
		D0BB5B7229094EBF00E46063 /* UnregisterViewController.storyboard */ = {isa = PBXFileReference; lastKnownFileType = file.storyboard; path = UnregisterViewController.storyboard; sourceTree = "<group>"; };
		D0BB5B742909590800E46063 /* SettingTableViewCellViewModel.swift */ = {isa = PBXFileReference; lastKnownFileType = sourcecode.swift; path = SettingTableViewCellViewModel.swift; sourceTree = "<group>"; };
		D0BF16CB28F9AC1000CDA6CE /* OnboardingViewController.swift */ = {isa = PBXFileReference; lastKnownFileType = sourcecode.swift; path = OnboardingViewController.swift; sourceTree = "<group>"; };
		D0BF16CD28F9AF2D00CDA6CE /* OnboardingViewController.storyboard */ = {isa = PBXFileReference; lastKnownFileType = file.storyboard; path = OnboardingViewController.storyboard; sourceTree = "<group>"; };
		D0C18316292BB5B3007E3ED4 /* TabBarView.swift */ = {isa = PBXFileReference; fileEncoding = 4; lastKnownFileType = sourcecode.swift; path = TabBarView.swift; sourceTree = "<group>"; };
		D0C18317292BB5B3007E3ED4 /* TabBarView.xib */ = {isa = PBXFileReference; fileEncoding = 4; lastKnownFileType = file.xib; path = TabBarView.xib; sourceTree = "<group>"; };
		D0C51E2B28F121D80004514A /* APIEndpoint.swift */ = {isa = PBXFileReference; lastKnownFileType = sourcecode.swift; path = APIEndpoint.swift; sourceTree = "<group>"; };
		D0C97A602937932B001EC122 /* UIImage+.swift */ = {isa = PBXFileReference; lastKnownFileType = sourcecode.swift; path = "UIImage+.swift"; sourceTree = "<group>"; };
		D0C97A6229379444001EC122 /* UIView+Extension.swift */ = {isa = PBXFileReference; lastKnownFileType = sourcecode.swift; path = "UIView+Extension.swift"; sourceTree = "<group>"; };
		D0D42D3E2938C91E00211317 /* MyPageAPI.swift */ = {isa = PBXFileReference; lastKnownFileType = sourcecode.swift; path = MyPageAPI.swift; sourceTree = "<group>"; };
		D0D42D402938C9B800211317 /* MyPageRepository.swift */ = {isa = PBXFileReference; lastKnownFileType = sourcecode.swift; path = MyPageRepository.swift; sourceTree = "<group>"; };
		D0E3B293291D1CDE00601936 /* CategoryFilterView.swift */ = {isa = PBXFileReference; fileEncoding = 4; lastKnownFileType = sourcecode.swift; path = CategoryFilterView.swift; sourceTree = "<group>"; };
		D0E3B295291D1CDE00601936 /* HomeViewController.swift */ = {isa = PBXFileReference; fileEncoding = 4; lastKnownFileType = sourcecode.swift; path = HomeViewController.swift; sourceTree = "<group>"; };
		D0E3B296291D1CDE00601936 /* Feed.swift */ = {isa = PBXFileReference; fileEncoding = 4; lastKnownFileType = sourcecode.swift; path = Feed.swift; sourceTree = "<group>"; };
		D0E3B297291D1CDE00601936 /* FeedViewController.swift */ = {isa = PBXFileReference; fileEncoding = 4; lastKnownFileType = sourcecode.swift; path = FeedViewController.swift; sourceTree = "<group>"; };
		D0E3B299291D1CDE00601936 /* FeedTableViewCell.swift */ = {isa = PBXFileReference; fileEncoding = 4; lastKnownFileType = sourcecode.swift; path = FeedTableViewCell.swift; sourceTree = "<group>"; };
		D0E3B29D291D1CDE00601936 /* FeedCollectionViewCell.xib */ = {isa = PBXFileReference; fileEncoding = 4; lastKnownFileType = file.xib; path = FeedCollectionViewCell.xib; sourceTree = "<group>"; };
		D0E3B2A1291D1CDE00601936 /* CategoryButton.swift */ = {isa = PBXFileReference; fileEncoding = 4; lastKnownFileType = sourcecode.swift; path = CategoryButton.swift; sourceTree = "<group>"; };
		D0E3B2B5291FC15A00601936 /* FeedDetailViewController.swift */ = {isa = PBXFileReference; lastKnownFileType = sourcecode.swift; path = FeedDetailViewController.swift; sourceTree = "<group>"; };
		D0E3B2C0292123DD00601936 /* FeedRepository.swift */ = {isa = PBXFileReference; lastKnownFileType = sourcecode.swift; path = FeedRepository.swift; sourceTree = "<group>"; };
		D0E3B2C82924C89B00601936 /* TodoDropDownView.xib */ = {isa = PBXFileReference; lastKnownFileType = file.xib; path = TodoDropDownView.xib; sourceTree = "<group>"; };
		D0E3B2CA2924C8A200601936 /* TodoDropDownView.swift */ = {isa = PBXFileReference; lastKnownFileType = sourcecode.swift; path = TodoDropDownView.swift; sourceTree = "<group>"; };
		D0E3B2CC29250A3C00601936 /* MindsetView.xib */ = {isa = PBXFileReference; lastKnownFileType = file.xib; path = MindsetView.xib; sourceTree = "<group>"; };
		D0E3B2CE29250C0C00601936 /* MindsetView.swift */ = {isa = PBXFileReference; lastKnownFileType = sourcecode.swift; path = MindsetView.swift; sourceTree = "<group>"; };
		D0E3B2D329287FE400601936 /* FeedAPI.swift */ = {isa = PBXFileReference; lastKnownFileType = sourcecode.swift; path = FeedAPI.swift; sourceTree = "<group>"; };
		D0E3B2D62928A64400601936 /* HomeAPI.swift */ = {isa = PBXFileReference; fileEncoding = 4; lastKnownFileType = sourcecode.swift; path = HomeAPI.swift; sourceTree = "<group>"; };
		D0E3B2D82928A73600601936 /* HomeRepository.swift */ = {isa = PBXFileReference; lastKnownFileType = sourcecode.swift; path = HomeRepository.swift; sourceTree = "<group>"; };
		D0E3B2DB2928B1E500601936 /* Mindset.swift */ = {isa = PBXFileReference; lastKnownFileType = sourcecode.swift; path = Mindset.swift; sourceTree = "<group>"; };
		D0E4AE412917BE8700549BC0 /* ImageCollectionViewModel.swift */ = {isa = PBXFileReference; lastKnownFileType = sourcecode.swift; path = ImageCollectionViewModel.swift; sourceTree = "<group>"; };
		D0E4AE442917C01900549BC0 /* ImageCollectionViewCell.swift */ = {isa = PBXFileReference; lastKnownFileType = sourcecode.swift; path = ImageCollectionViewCell.swift; sourceTree = "<group>"; };
		D0E4AE462917D8A700549BC0 /* String+Extension.swift */ = {isa = PBXFileReference; lastKnownFileType = sourcecode.swift; path = "String+Extension.swift"; sourceTree = "<group>"; };
		D0E4AE482917E72600549BC0 /* SegmentControlButton.swift */ = {isa = PBXFileReference; lastKnownFileType = sourcecode.swift; path = SegmentControlButton.swift; sourceTree = "<group>"; };
		E96364F3297FB07F005F16CD /* LiveGodLife.app */ = {isa = PBXFileReference; explicitFileType = wrapper.application; includeInIndex = 0; path = LiveGodLife.app; sourceTree = BUILT_PRODUCTS_DIR; };
		E96364F5297FB632005F16CD /* UIColor+.swift */ = {isa = PBXFileReference; lastKnownFileType = sourcecode.swift; path = "UIColor+.swift"; sourceTree = "<group>"; };
		E96364F7297FB9AF005F16CD /* UIButton+.swift */ = {isa = PBXFileReference; lastKnownFileType = sourcecode.swift; path = "UIButton+.swift"; sourceTree = "<group>"; };
/* End PBXFileReference section */

/* Begin PBXFrameworksBuildPhase section */
		D08B66BF28D5A3B9000998DC /* Frameworks */ = {
			isa = PBXFrameworksBuildPhase;
			buildActionMask = 2147483647;
			files = (
				E96364EC297FAF90005F16CD /* Kingfisher in Frameworks */,
				E96364E4297FAF1F005F16CD /* PopupDialog in Frameworks */,
				E96364F2297FB05E005F16CD /* SwiftyJSON in Frameworks */,
				E96364DE297FAE6B005F16CD /* Moya in Frameworks */,
				E96364EF297FAFCD005F16CD /* Then in Frameworks */,
				E96364E1297FAE97005F16CD /* SnapKit in Frameworks */,
				E96364E9297FAF57005F16CD /* KakaoSDKUser in Frameworks */,
				E96364FB297FC07A005F16CD /* CombineCocoa in Frameworks */,
				E96364E7297FAF57005F16CD /* KakaoSDKAuth in Frameworks */,
			);
			runOnlyForDeploymentPostprocessing = 0;
		};
/* End PBXFrameworksBuildPhase section */

/* Begin PBXGroup section */
		B92C310029377C97000DA2D7 /* Common */ = {
			isa = PBXGroup;
			children = (
				B92C310129377C97000DA2D7 /* CollectionViewController */,
			);
			path = Common;
			sourceTree = "<group>";
		};
		B92C310129377C97000DA2D7 /* CollectionViewController */ = {
			isa = PBXGroup;
			children = (
				B92C310229377C97000DA2D7 /* ListViewController.swift */,
			);
			path = CollectionViewController;
			sourceTree = "<group>";
		};
		B92C310429377CAD000DA2D7 /* Todo */ = {
			isa = PBXGroup;
			children = (
				B92C310A29377CAD000DA2D7 /* TodoMainTabViewController.swift */,
				B9B3F0CA2952372C00A1387C /* Create */,
				B92C310529377CAD000DA2D7 /* Calendar */,
				B92C310B29377CAD000DA2D7 /* Mindset */,
				C9152E9929397F1700C6C025 /* Goals */,
			);
			path = Todo;
			sourceTree = "<group>";
		};
		B92C310529377CAD000DA2D7 /* Calendar */ = {
			isa = PBXGroup;
			children = (
				B92C310629377CAD000DA2D7 /* CalendarModel.swift */,
				B92C310829377CAD000DA2D7 /* CalendarListViewController.swift */,
				B92C310729377CAD000DA2D7 /* CalendarListCell.swift */,
				B92C310929377CAD000DA2D7 /* CalendarCell.swift */,
			);
			path = Calendar;
			sourceTree = "<group>";
		};
		B92C310B29377CAD000DA2D7 /* Mindset */ = {
			isa = PBXGroup;
			children = (
				B92C310C29377CAD000DA2D7 /* MindsetListViewController.swift */,
				B92C310D29377CAD000DA2D7 /* MindsetListCell.swift */,
				B92C310E29377CAD000DA2D7 /* MindsetModel.swift */,
			);
			path = Mindset;
			sourceTree = "<group>";
		};
		B9B3F0CA2952372C00A1387C /* Create */ = {
			isa = PBXGroup;
			children = (
				E96364FC297FC299005F16CD /* Model */,
				E96364FD297FC303005F16CD /* View */,
				C9D48CC3294BD2FC00F66265 /* GoalsCreateViewController.swift */,
			);
			path = Create;
			sourceTree = "<group>";
		};
		C9152E9929397F1700C6C025 /* Goals */ = {
			isa = PBXGroup;
			children = (
				C9152E9A29397F4400C6C025 /* GoalsModel.swift */,
				C9152E9C29397F6100C6C025 /* GoalsListViewController.swift */,
				C9152E9E29397F7800C6C025 /* GoalsListCell.swift */,
			);
			path = Goals;
			sourceTree = "<group>";
		};
		CC3181E62965D77D00016A77 /* TodoDetail */ = {
			isa = PBXGroup;
			children = (
				CC3181E22965C0F500016A77 /* TodoDetailViewController.swift */,
				CC3181E42965C19000016A77 /* TodoDetailViewController.storyboard */,
				CC3181E72965D7D600016A77 /* TaskInfoView.xib */,
				CC3181E92965D7DB00016A77 /* TaskInfoView.swift */,
				CC0113ED29684E04009CAC95 /* TaskViewController.swift */,
				CC0113EF29684F1B009CAC95 /* TaskTableViewCell.swift */,
				CC0113F029684F1B009CAC95 /* TaskTableViewCell.xib */,
				CC0113F329685466009CAC95 /* TodoProgressView.swift */,
				CC0113F529685491009CAC95 /* TodoProgressView.xib */,
				CC0113F72968592F009CAC95 /* PaddingLabel.swift */,
				CC0113F929690092009CAC95 /* TaskViewModel.swift */,
				CCB882C3296DA528009284FF /* CircularProgressBar.swift */,
			);
			path = TodoDetail;
			sourceTree = "<group>";
		};
		CC9C195628F6562A00C53152 /* UI */ = {
			isa = PBXGroup;
			children = (
				D0A2151E2906B89900D5FF59 /* Font */,
				CC9C195428F6562700C53152 /* RoundedButton.swift */,
				D0BAD2BC28FEC6DC00637482 /* UIColor+Extension.swift */,
				D03FAA562916A93B00E9B045 /* TextFieldView.swift */,
				D0E4AE462917D8A700549BC0 /* String+Extension.swift */,
				D0C97A6229379444001EC122 /* UIView+Extension.swift */,
				CCA802E5293F388F00D9579F /* PopupView.swift */,
				CCA802E7293F393C00D9579F /* PopupView.xib */,
			);
			path = UI;
			sourceTree = "<group>";
		};
		D00E46EB28F7BDC200A18FE7 /* Onboarding */ = {
			isa = PBXGroup;
			children = (
				D00E46ED28F7BDC200A18FE7 /* OnboardingView.swift */,
				D00E46F028F7BDC200A18FE7 /* OnboardingView.xib */,
				D0BF16CB28F9AC1000CDA6CE /* OnboardingViewController.swift */,
				D0BF16CD28F9AF2D00CDA6CE /* OnboardingViewController.storyboard */,
				CC3D4B9E2971579900D24C0A /* CustomPageControl.swift */,
			);
			path = Onboarding;
			sourceTree = "<group>";
		};
		D01E26372929C91F00FBFF5B /* View */ = {
			isa = PBXGroup;
			children = (
				D0E3B2CE29250C0C00601936 /* MindsetView.swift */,
				D0E3B2CC29250A3C00601936 /* MindsetView.xib */,
				D0E3B2CA2924C8A200601936 /* TodoDropDownView.swift */,
				D0E3B2C82924C89B00601936 /* TodoDropDownView.xib */,
			);
			path = View;
			sourceTree = "<group>";
		};
		D01E2638292A630E00FBFF5B /* DesignSystem */ = {
			isa = PBXGroup;
			children = (
				D03FAA502916063D00E9B045 /* UIFont+Extension.swift */,
			);
			path = DesignSystem;
			sourceTree = "<group>";
		};
		D01E263F292AFCE400FBFF5B /* User */ = {
			isa = PBXGroup;
			children = (
				D01E2639292A72F300FBFF5B /* UserAPI.swift */,
				D01E263D292AFCC300FBFF5B /* UserRepository.swift */,
				CC819B57295C5F62004ED428 /* UserToken.swift */,
			);
			path = User;
			sourceTree = "<group>";
		};
		D021B059290397D60031481F /* Extension */ = {
			isa = PBXGroup;
			children = (
				B92C311729377CEA000DA2D7 /* Utill+.swift */,
				D0C97A602937932B001EC122 /* UIImage+.swift */,
				D021B057290397660031481F /* NotificationName+.swift */,
				D023B076290AB12100387C5C /* UIViewController+.swift */,
				D0340F4E29384FAF00D2A5A6 /* UIApplication+.swift */,
				E96364F5297FB632005F16CD /* UIColor+.swift */,
				E96364F7297FB9AF005F16CD /* UIButton+.swift */,
			);
			path = Extension;
			sourceTree = "<group>";
		};
		D06181B428F15B3600B40E32 /* Network */ = {
			isa = PBXGroup;
			children = (
				D0C51E2B28F121D80004514A /* APIEndpoint.swift */,
				D06181B828F161FD00B40E32 /* APIResponse.swift */,
				D06181B628F15C0700B40E32 /* Requestable.swift */,
				D0B8D87C28F1A9CA00E9339E /* JSONDecodeService.swift */,
				B92C312429491819000DA2D7 /* NetworkManger.swift */,
				B92C312629491868000DA2D7 /* LGLService.swift */,
			);
			path = Network;
			sourceTree = "<group>";
		};
		D06181B528F15B4B00B40E32 /* Login */ = {
			isa = PBXGroup;
			children = (
				D0B8D87A28F1A4E200E9339E /* UserModel.swift */,
				D06181BA28F1621400B40E32 /* LoginType.swift */,
				D04D742528EB377A0013B5BB /* AppleLoginService.swift */,
				CC9C195028F651C100C53152 /* LoginViewController.swift */,
				C9D8D6E6291BAD940098DD09 /* UserInfoViewController.swift */,
				C9D8D6EE291BE5870098DD09 /* AgreementViewController.swift */,
				C9D8D6F2291BEEAF0098DD09 /* JoinCompleteViewController.swift */,
			);
			path = Login;
			sourceTree = "<group>";
		};
		D08B66B928D5A3B9000998DC = {
			isa = PBXGroup;
			children = (
				D08B66C428D5A3B9000998DC /* LiveGodLife */,
				E96364F3297FB07F005F16CD /* LiveGodLife.app */,
			);
			sourceTree = "<group>";
		};
		D08B66C428D5A3B9000998DC /* LiveGodLife */ = {
			isa = PBXGroup;
			children = (
				B92C310429377CAD000DA2D7 /* Todo */,
				B92C310029377C97000DA2D7 /* Common */,
				D08DBF0E28DF2D8000C2D370 /* LiveGodLife.entitlements */,
				D08B66C528D5A3B9000998DC /* AppDelegate.swift */,
				D08B66C728D5A3B9000998DC /* SceneDelegate.swift */,
				D08B66C928D5A3B9000998DC /* RootViewController.swift */,
				D08B66CE28D5A3BA000998DC /* Assets.xcassets */,
				D08B66D028D5A3BA000998DC /* LaunchScreen.storyboard */,
				D08B66D328D5A3BA000998DC /* Info.plist */,
				D0C18315292BB5B3007E3ED4 /* TabBar */,
				D01E263F292AFCE400FBFF5B /* User */,
				D01E2638292A630E00FBFF5B /* DesignSystem */,
				D0E3B2B2291D1D2800601936 /* Feed */,
				D0E3B2B3291D1F1B00601936 /* Home */,
				D00E46EB28F7BDC200A18FE7 /* Onboarding */,
				D06181B428F15B3600B40E32 /* Network */,
				D06181B528F15B4B00B40E32 /* Login */,
				D0BB5B602906C57A00E46063 /* MyPage */,
				CC9C195628F6562A00C53152 /* UI */,
				D021B059290397D60031481F /* Extension */,
				CC3181E62965D77D00016A77 /* TodoDetail */,
			);
			path = LiveGodLife;
			sourceTree = "<group>";
		};
		D0A215092906B74000D5FF59 /* Montserrat */ = {
			isa = PBXGroup;
			children = (
				D0A215192906B77000D5FF59 /* Montserrat-Black.otf */,
				D0A2150F2906B76F00D5FF59 /* Montserrat-Bold.otf */,
				D0A2151B2906B77000D5FF59 /* Montserrat-ExtraBold.otf */,
				D0A215122906B76F00D5FF59 /* Montserrat-ExtraLight.otf */,
				D0A2150E2906B76F00D5FF59 /* Montserrat-Light.otf */,
				D0A2150A2906B76F00D5FF59 /* Montserrat-Medium.otf */,
				D0A215132906B76F00D5FF59 /* Montserrat-Regular.otf */,
				D0A215182906B76F00D5FF59 /* Montserrat-SemiBold.otf */,
				D0A2150C2906B76F00D5FF59 /* Montserrat-Thin.otf */,
			);
			path = Montserrat;
			sourceTree = "<group>";
		};
		D0A2151C2906B77700D5FF59 /* Pretendard */ = {
			isa = PBXGroup;
			children = (
				D0A215012905685700D5FF59 /* Pretendard-Black.otf */,
				D0A214FE2905685600D5FF59 /* Pretendard-Bold.otf */,
				D0A215042905685700D5FF59 /* Pretendard-ExtraBold.otf */,
				D0A215032905685700D5FF59 /* Pretendard-ExtraLight.otf */,
				D0A214FF2905685600D5FF59 /* Pretendard-Light.otf */,
				D0A215022905685700D5FF59 /* Pretendard-Medium.otf */,
				D0A214FC2905685600D5FF59 /* Pretendard-Regular.otf */,
				D0A215002905685600D5FF59 /* Pretendard-SemiBold.otf */,
				D0A214FD2905685600D5FF59 /* Pretendard-Thin.otf */,
			);
			path = Pretendard;
			sourceTree = "<group>";
		};
		D0A2151E2906B89900D5FF59 /* Font */ = {
			isa = PBXGroup;
			children = (
				D0A2151C2906B77700D5FF59 /* Pretendard */,
				D0A215092906B74000D5FF59 /* Montserrat */,
			);
			path = Font;
			sourceTree = "<group>";
		};
		D0B0583829362D170014F88E /* Header */ = {
			isa = PBXGroup;
			children = (
				D0E3B2B4291D1F5C00601936 /* Cell */,
				D0B0583929362D420014F88E /* HomeHeaderView.swift */,
				D0B0583B293656DF0014F88E /* FilterHeaderView.swift */,
				D0E3B293291D1CDE00601936 /* CategoryFilterView.swift */,
				D0E3B2A1291D1CDE00601936 /* CategoryButton.swift */,
			);
			path = Header;
			sourceTree = "<group>";
		};
		D0BB5B602906C57A00E46063 /* MyPage */ = {
			isa = PBXGroup;
			children = (
				D0E4AE482917E72600549BC0 /* SegmentControlButton.swift */,
				D04490FB290E952C00BED66F /* SegmentControlView.swift */,
				D0BB5B612906C58300E46063 /* Setting */,
				D0A214EE2905604500D5FF59 /* MyPageViewController.swift */,
				D0A215072905770300D5FF59 /* MyPageViewController.storyboard */,
				D0D42D3B2938C7D300211317 /* ProfileUpdate */,
				D0D42D3E2938C91E00211317 /* MyPageAPI.swift */,
				D0D42D402938C9B800211317 /* MyPageRepository.swift */,
			);
			path = MyPage;
			sourceTree = "<group>";
		};
		D0BB5B612906C58300E46063 /* Setting */ = {
			isa = PBXGroup;
			children = (
				D01E2640292B16F100FBFF5B /* SettingTableViewSection.swift */,
				D0BB5B742909590800E46063 /* SettingTableViewCellViewModel.swift */,
				D0BB5B662906CD1F00E46063 /* SettingTableViewCell.swift */,
				D0BB5B672906CD1F00E46063 /* SettingTableViewCell.xib */,
				D0BB5B642906C59E00E46063 /* SettingViewController.swift */,
				D0BB5B7029094E4F00E46063 /* UnregisterViewController.swift */,
				D0BB5B7229094EBF00E46063 /* UnregisterViewController.storyboard */,
			);
			path = Setting;
			sourceTree = "<group>";
		};
		D0C18315292BB5B3007E3ED4 /* TabBar */ = {
			isa = PBXGroup;
			children = (
				D0C18316292BB5B3007E3ED4 /* TabBarView.swift */,
				D0C18317292BB5B3007E3ED4 /* TabBarView.xib */,
			);
			path = TabBar;
			sourceTree = "<group>";
		};
		D0D42D3B2938C7D300211317 /* ProfileUpdate */ = {
			isa = PBXGroup;
			children = (
				D0BB5B6C2906D3D000E46063 /* ProfileUpdateViewController.swift */,
				D0BB5B6E2909473500E46063 /* ProfileUpdateViewController.storyboard */,
				D0E4AE412917BE8700549BC0 /* ImageCollectionViewModel.swift */,
				D0E4AE442917C01900549BC0 /* ImageCollectionViewCell.swift */,
			);
			path = ProfileUpdate;
			sourceTree = "<group>";
		};
		D0E3B298291D1CDE00601936 /* Cell */ = {
			isa = PBXGroup;
			children = (
				D0E3B29D291D1CDE00601936 /* FeedCollectionViewCell.xib */,
				D0B0584329365F7F0014F88E /* FeedCollectionViewCell.swift */,
			);
			path = Cell;
			sourceTree = "<group>";
		};
		D0E3B2B2291D1D2800601936 /* Feed */ = {
			isa = PBXGroup;
			children = (
				D0E3B2D02925289000601936 /* FeedDetail */,
				D0E3B298291D1CDE00601936 /* Cell */,
				D0E3B296291D1CDE00601936 /* Feed.swift */,
				D0E3B297291D1CDE00601936 /* FeedViewController.swift */,
				D0E3B2C0292123DD00601936 /* FeedRepository.swift */,
				D0E3B2D329287FE400601936 /* FeedAPI.swift */,
			);
			path = Feed;
			sourceTree = "<group>";
		};
		D0E3B2B3291D1F1B00601936 /* Home */ = {
			isa = PBXGroup;
			children = (
				D0B0583829362D170014F88E /* Header */,
				D0E3B2DA2928B1B000601936 /* API */,
				D0E3B295291D1CDE00601936 /* HomeViewController.swift */,
				D0B0583629362A580014F88E /* HomeViewController.storyboard */,
			);
			path = Home;
			sourceTree = "<group>";
		};
		D0E3B2B4291D1F5C00601936 /* Cell */ = {
			isa = PBXGroup;
			children = (
				D0E3B299291D1CDE00601936 /* FeedTableViewCell.swift */,
				D0B0584129365BB90014F88E /* FeedTableViewCell.xib */,
				D0B0583D293659A40014F88E /* TodoCollectionViewCell.swift */,
				D0B0583E293659A40014F88E /* TodoCollectionViewCell.xib */,
			);
			path = Cell;
			sourceTree = "<group>";
		};
		D0E3B2D02925289000601936 /* FeedDetail */ = {
			isa = PBXGroup;
			children = (
				D01E26372929C91F00FBFF5B /* View */,
				D0E3B2B5291FC15A00601936 /* FeedDetailViewController.swift */,
			);
			path = FeedDetail;
			sourceTree = "<group>";
		};
		D0E3B2DA2928B1B000601936 /* API */ = {
			isa = PBXGroup;
			children = (
				D0E3B2D62928A64400601936 /* HomeAPI.swift */,
				D0E3B2D82928A73600601936 /* HomeRepository.swift */,
				D0E3B2DB2928B1E500601936 /* Mindset.swift */,
			);
			path = API;
			sourceTree = "<group>";
		};
		E96364FC297FC299005F16CD /* Model */ = {
			isa = PBXGroup;
			children = (
				B9B3F0CB29523A5A00A1387C /* CreateGoalsModel.swift */,
			);
			path = Model;
			sourceTree = "<group>";
		};
		E96364FD297FC303005F16CD /* View */ = {
			isa = PBXGroup;
			children = (
				C9B08C1C2958C19F0057E147 /* GoalOfTodoCell.swift */,
			);
			path = View;
			sourceTree = "<group>";
		};
/* End PBXGroup section */

/* Begin PBXNativeTarget section */
		D08B66C128D5A3B9000998DC /* LiveGodLife */ = {
			isa = PBXNativeTarget;
			buildConfigurationList = D08B66D628D5A3BA000998DC /* Build configuration list for PBXNativeTarget "LiveGodLife" */;
			buildPhases = (
				D08B66BE28D5A3B9000998DC /* Sources */,
				D08B66BF28D5A3B9000998DC /* Frameworks */,
				D08B66C028D5A3B9000998DC /* Resources */,
			);
			buildRules = (
			);
			dependencies = (
			);
			name = LiveGodLife;
			packageProductDependencies = (
				E96364DD297FAE6B005F16CD /* Moya */,
				E96364E0297FAE97005F16CD /* SnapKit */,
				E96364E3297FAF1F005F16CD /* PopupDialog */,
				E96364E6297FAF57005F16CD /* KakaoSDKAuth */,
				E96364E8297FAF57005F16CD /* KakaoSDKUser */,
				E96364EB297FAF90005F16CD /* Kingfisher */,
				E96364EE297FAFCD005F16CD /* Then */,
				E96364F1297FB05E005F16CD /* SwiftyJSON */,
				E96364FA297FC07A005F16CD /* CombineCocoa */,
			);
			productName = LiveGodLife;
			productReference = E96364F3297FB07F005F16CD /* LiveGodLife.app */;
			productType = "com.apple.product-type.application";
		};
/* End PBXNativeTarget section */

/* Begin PBXProject section */
		D08B66BA28D5A3B9000998DC /* Project object */ = {
			isa = PBXProject;
			attributes = {
				BuildIndependentTargetsInParallel = 1;
				LastSwiftUpdateCheck = 1300;
				LastUpgradeCheck = 1300;
				TargetAttributes = {
					D08B66C128D5A3B9000998DC = {
						CreatedOnToolsVersion = 13.0;
					};
				};
			};
			buildConfigurationList = D08B66BD28D5A3B9000998DC /* Build configuration list for PBXProject "LiveGodLife" */;
			compatibilityVersion = "Xcode 13.0";
			developmentRegion = en;
			hasScannedForEncodings = 0;
			knownRegions = (
				en,
				Base,
			);
			mainGroup = D08B66B928D5A3B9000998DC;
			packageReferences = (
				E96364DC297FAE6B005F16CD /* XCRemoteSwiftPackageReference "Moya" */,
				E96364DF297FAE97005F16CD /* XCRemoteSwiftPackageReference "SnapKit" */,
				E96364E2297FAF1F005F16CD /* XCRemoteSwiftPackageReference "PopupDialog" */,
				E96364E5297FAF57005F16CD /* XCRemoteSwiftPackageReference "kakao-ios-sdk" */,
				E96364EA297FAF90005F16CD /* XCRemoteSwiftPackageReference "Kingfisher" */,
				E96364ED297FAFCD005F16CD /* XCRemoteSwiftPackageReference "Then" */,
				E96364F0297FB05E005F16CD /* XCRemoteSwiftPackageReference "SwiftyJSON" */,
				E96364F9297FC07A005F16CD /* XCRemoteSwiftPackageReference "CombineCocoa" */,
			);
			productRefGroup = D08B66B928D5A3B9000998DC;
			projectDirPath = "";
			projectRoot = "";
			targets = (
				D08B66C128D5A3B9000998DC /* LiveGodLife */,
			);
		};
/* End PBXProject section */

/* Begin PBXResourcesBuildPhase section */
		D08B66C028D5A3B9000998DC /* Resources */ = {
			isa = PBXResourcesBuildPhase;
			buildActionMask = 2147483647;
			files = (
				D0BB5B692906CD1F00E46063 /* SettingTableViewCell.xib in Resources */,
				D0A215082905770300D5FF59 /* MyPageViewController.storyboard in Resources */,
				D0BB5B5F2906C19900E46063 /* Montserrat-Thin.otf in Resources */,
				D0BF16CE28F9AF2D00CDA6CE /* OnboardingViewController.storyboard in Resources */,
				D0BB5B7329094EBF00E46063 /* UnregisterViewController.storyboard in Resources */,
				D0BB5B532906C17300E46063 /* Pretendard-ExtraBold.otf in Resources */,
				D0BB5B572906C17F00E46063 /* Pretendard-SemiBold.otf in Resources */,
				CC0113F629685491009CAC95 /* TodoProgressView.xib in Resources */,
				D0E3B2C92924C89B00601936 /* TodoDropDownView.xib in Resources */,
				D0B05840293659A40014F88E /* TodoCollectionViewCell.xib in Resources */,
				CCA802E8293F393C00D9579F /* PopupView.xib in Resources */,
				D0BB5B5B2906C18F00E46063 /* Montserrat-ExtraLight.otf in Resources */,
				D0BB5B5C2906C19100E46063 /* Montserrat-Light.otf in Resources */,
				D0BB5B592906C18600E46063 /* Montserrat-Black.otf in Resources */,
				D0A215052905687B00D5FF59 /* Pretendard-Bold.otf in Resources */,
				D0BB5B512906B9C800E46063 /* Montserrat-Regular.otf in Resources */,
				D0BB5B5A2906C18C00E46063 /* Montserrat-ExtraBold.otf in Resources */,
				D0E3B2CD29250A3C00601936 /* MindsetView.xib in Resources */,
				D0BB5B5E2906C19700E46063 /* Montserrat-SemiBold.otf in Resources */,
				D0B0583729362A580014F88E /* HomeViewController.storyboard in Resources */,
				D0E3B2AC291D1CDF00601936 /* FeedCollectionViewCell.xib in Resources */,
				CC3181E52965C19000016A77 /* TodoDetailViewController.storyboard in Resources */,
				D08B66D228D5A3BA000998DC /* LaunchScreen.storyboard in Resources */,
				D0BB5B6F2909473500E46063 /* ProfileUpdateViewController.storyboard in Resources */,
				D0C1831A292BB5B3007E3ED4 /* TabBarView.xib in Resources */,
				D0BB5B5D2906C19300E46063 /* Montserrat-Medium.otf in Resources */,
				D0BB5B542906C17500E46063 /* Pretendard-ExtraLight.otf in Resources */,
				D0BB5B522906C16F00E46063 /* Pretendard-Black.otf in Resources */,
				CC0113F229684F1B009CAC95 /* TaskTableViewCell.xib in Resources */,
				D0BB5B582906C18300E46063 /* Pretendard-Thin.otf in Resources */,
				D0A21506290568D600D5FF59 /* Pretendard-Regular.otf in Resources */,
				D08B66CF28D5A3BA000998DC /* Assets.xcassets in Resources */,
				D0BB5B562906C17C00E46063 /* Pretendard-Medium.otf in Resources */,
				D0BB5B552906C17900E46063 /* Pretendard-Light.otf in Resources */,
				D0B0584229365BB90014F88E /* FeedTableViewCell.xib in Resources */,
				D00E46F528F7BDC200A18FE7 /* OnboardingView.xib in Resources */,
				D0A2151D2906B7AF00D5FF59 /* Montserrat-Bold.otf in Resources */,
				CC3181E82965D7D600016A77 /* TaskInfoView.xib in Resources */,
			);
			runOnlyForDeploymentPostprocessing = 0;
		};
/* End PBXResourcesBuildPhase section */

/* Begin PBXSourcesBuildPhase section */
		D08B66BE28D5A3B9000998DC /* Sources */ = {
			isa = PBXSourcesBuildPhase;
			buildActionMask = 2147483647;
			files = (
				B92C312529491819000DA2D7 /* NetworkManger.swift in Sources */,
				D0340F4D29384E7100D2A5A6 /* SegmentControlView.swift in Sources */,
				C9D48CC4294BD2FC00F66265 /* GoalsCreateViewController.swift in Sources */,
				B92C310329377C97000DA2D7 /* ListViewController.swift in Sources */,
				D0E3B2DC2928B1E500601936 /* Mindset.swift in Sources */,
				D0E3B2D72928A64400601936 /* HomeAPI.swift in Sources */,
				D0B0583A29362D420014F88E /* HomeHeaderView.swift in Sources */,
				D0B0583C293656DF0014F88E /* FilterHeaderView.swift in Sources */,
				D023B077290AB12100387C5C /* UIViewController+.swift in Sources */,
				D0E3B2A6291D1CDF00601936 /* Feed.swift in Sources */,
				CC0113FA29690092009CAC95 /* TaskViewModel.swift in Sources */,
				B92C311229377CAD000DA2D7 /* CalendarCell.swift in Sources */,
				D0C97A612937932B001EC122 /* UIImage+.swift in Sources */,
				D0E3B2C1292123DD00601936 /* FeedRepository.swift in Sources */,
				D0E3B2A7291D1CDF00601936 /* FeedViewController.swift in Sources */,
				CC0113EE29684E04009CAC95 /* TaskViewController.swift in Sources */,
				D06181B928F161FD00B40E32 /* APIResponse.swift in Sources */,
				D0E3B2D529288F3A00601936 /* FeedAPI.swift in Sources */,
				D0A214EF2905604500D5FF59 /* MyPageViewController.swift in Sources */,
				D021B058290397660031481F /* NotificationName+.swift in Sources */,
				D0BB5B6D2906D3D000E46063 /* ProfileUpdateViewController.swift in Sources */,
				D01E2641292B16F100FBFF5B /* SettingTableViewSection.swift in Sources */,
				D0E4AE472917D8A700549BC0 /* String+Extension.swift in Sources */,
				D0E4AE492917E72600549BC0 /* SegmentControlButton.swift in Sources */,
				D06181B728F15C0700B40E32 /* Requestable.swift in Sources */,
				D0B8D87D28F1A9CA00E9339E /* JSONDecodeService.swift in Sources */,
				D0BB5B7129094E4F00E46063 /* UnregisterViewController.swift in Sources */,
				D0B0583F293659A40014F88E /* TodoCollectionViewCell.swift in Sources */,
				D0E3B2CB2924C8A200601936 /* TodoDropDownView.swift in Sources */,
				D08B66CA28D5A3B9000998DC /* RootViewController.swift in Sources */,
				D03FAA512916063D00E9B045 /* UIFont+Extension.swift in Sources */,
				C9152E9D29397F6100C6C025 /* GoalsListViewController.swift in Sources */,
				B92C311129377CAD000DA2D7 /* CalendarListViewController.swift in Sources */,
				D0D42D412938C9B800211317 /* MyPageRepository.swift in Sources */,
				D0340F4F29384FAF00D2A5A6 /* UIApplication+.swift in Sources */,
				CC3D4B9F2971579900D24C0A /* CustomPageControl.swift in Sources */,
				D0BB5B682906CD1F00E46063 /* SettingTableViewCell.swift in Sources */,
				D0E4AE422917BE8700549BC0 /* ImageCollectionViewModel.swift in Sources */,
				CCA802E6293F388F00D9579F /* PopupView.swift in Sources */,
				B92C311629377CAD000DA2D7 /* MindsetModel.swift in Sources */,
				B92C310F29377CAD000DA2D7 /* CalendarModel.swift in Sources */,
				D0E3B2CF29250C0C00601936 /* MindsetView.swift in Sources */,
				B9B3F0CC29523A5A00A1387C /* CreateGoalsModel.swift in Sources */,
				D01E263E292AFCC300FBFF5B /* UserRepository.swift in Sources */,
				CC0113F429685466009CAC95 /* TodoProgressView.swift in Sources */,
				D0C18319292BB5B3007E3ED4 /* TabBarView.swift in Sources */,
				C9D8D6EF291BE5870098DD09 /* AgreementViewController.swift in Sources */,
				CC3181EA2965D7DB00016A77 /* TaskInfoView.swift in Sources */,
				D08B66C628D5A3B9000998DC /* AppDelegate.swift in Sources */,
				D0BB5B752909590800E46063 /* SettingTableViewCellViewModel.swift in Sources */,
				D01E263A292A72F300FBFF5B /* UserAPI.swift in Sources */,
				D04D742628EB377A0013B5BB /* AppleLoginService.swift in Sources */,
				D0B8D87B28F1A4E200E9339E /* UserModel.swift in Sources */,
				D0BAD2BD28FEC6DC00637482 /* UIColor+Extension.swift in Sources */,
				B92C311429377CAD000DA2D7 /* MindsetListViewController.swift in Sources */,
				D0BF16CC28F9AC1000CDA6CE /* OnboardingViewController.swift in Sources */,
				D0D42D3F2938C91E00211317 /* MyPageAPI.swift in Sources */,
				C9152E9F29397F7800C6C025 /* GoalsListCell.swift in Sources */,
				D0E3B2B6291FC15A00601936 /* FeedDetailViewController.swift in Sources */,
				CC0113F129684F1B009CAC95 /* TaskTableViewCell.swift in Sources */,
				B92C311529377CAD000DA2D7 /* MindsetListCell.swift in Sources */,
				CC9C195528F6562700C53152 /* RoundedButton.swift in Sources */,
				E96364F6297FB632005F16CD /* UIColor+.swift in Sources */,
				CCB882C4296DA528009284FF /* CircularProgressBar.swift in Sources */,
				C9D8D6F3291BEEAF0098DD09 /* JoinCompleteViewController.swift in Sources */,
				B92C311029377CAD000DA2D7 /* CalendarListCell.swift in Sources */,
				B92C312729491868000DA2D7 /* LGLService.swift in Sources */,
				D06181BB28F1621400B40E32 /* LoginType.swift in Sources */,
				D0E4AE452917C01900549BC0 /* ImageCollectionViewCell.swift in Sources */,
				C9B08C1D2958C19F0057E147 /* GoalOfTodoCell.swift in Sources */,
				D0E3B2A5291D1CDF00601936 /* HomeViewController.swift in Sources */,
				D0E3B2D92928A73600601936 /* HomeRepository.swift in Sources */,
				D03FAA572916A93B00E9B045 /* TextFieldView.swift in Sources */,
				C9152E9B29397F4400C6C025 /* GoalsModel.swift in Sources */,
				D08B66C828D5A3B9000998DC /* SceneDelegate.swift in Sources */,
				CC0113F82968592F009CAC95 /* PaddingLabel.swift in Sources */,
				D0C51E2C28F121D80004514A /* APIEndpoint.swift in Sources */,
				D0BB5B652906C59E00E46063 /* SettingViewController.swift in Sources */,
				CC819B58295C5F62004ED428 /* UserToken.swift in Sources */,
				D0C97A6329379444001EC122 /* UIView+Extension.swift in Sources */,
				D0E3B2A8291D1CDF00601936 /* FeedTableViewCell.swift in Sources */,
				CC3181E32965C0F500016A77 /* TodoDetailViewController.swift in Sources */,
				CC9C195128F651C100C53152 /* LoginViewController.swift in Sources */,
				B92C311829377CEA000DA2D7 /* Utill+.swift in Sources */,
				B92C311329377CAD000DA2D7 /* TodoMainTabViewController.swift in Sources */,
				E96364F8297FB9AF005F16CD /* UIButton+.swift in Sources */,
				D0E3B2B0291D1CDF00601936 /* CategoryButton.swift in Sources */,
				D0B0584429365F7F0014F88E /* FeedCollectionViewCell.swift in Sources */,
				D00E46F228F7BDC200A18FE7 /* OnboardingView.swift in Sources */,
				D0E3B2A3291D1CDF00601936 /* CategoryFilterView.swift in Sources */,
				C9D8D6E7291BAD940098DD09 /* UserInfoViewController.swift in Sources */,
			);
			runOnlyForDeploymentPostprocessing = 0;
		};
/* End PBXSourcesBuildPhase section */

/* Begin PBXVariantGroup section */
		D08B66D028D5A3BA000998DC /* LaunchScreen.storyboard */ = {
			isa = PBXVariantGroup;
			children = (
				D08B66D128D5A3BA000998DC /* Base */,
			);
			name = LaunchScreen.storyboard;
			sourceTree = "<group>";
		};
/* End PBXVariantGroup section */

/* Begin XCBuildConfiguration section */
		D08B66D428D5A3BA000998DC /* Debug */ = {
			isa = XCBuildConfiguration;
			buildSettings = {
				ALWAYS_SEARCH_USER_PATHS = NO;
				CLANG_ANALYZER_NONNULL = YES;
				CLANG_ANALYZER_NUMBER_OBJECT_CONVERSION = YES_AGGRESSIVE;
				CLANG_CXX_LANGUAGE_STANDARD = "gnu++17";
				CLANG_CXX_LIBRARY = "libc++";
				CLANG_ENABLE_MODULES = YES;
				CLANG_ENABLE_OBJC_ARC = YES;
				CLANG_ENABLE_OBJC_WEAK = YES;
				CLANG_WARN_BLOCK_CAPTURE_AUTORELEASING = YES;
				CLANG_WARN_BOOL_CONVERSION = YES;
				CLANG_WARN_COMMA = YES;
				CLANG_WARN_CONSTANT_CONVERSION = YES;
				CLANG_WARN_DEPRECATED_OBJC_IMPLEMENTATIONS = YES;
				CLANG_WARN_DIRECT_OBJC_ISA_USAGE = YES_ERROR;
				CLANG_WARN_DOCUMENTATION_COMMENTS = YES;
				CLANG_WARN_EMPTY_BODY = YES;
				CLANG_WARN_ENUM_CONVERSION = YES;
				CLANG_WARN_INFINITE_RECURSION = YES;
				CLANG_WARN_INT_CONVERSION = YES;
				CLANG_WARN_NON_LITERAL_NULL_CONVERSION = YES;
				CLANG_WARN_OBJC_IMPLICIT_RETAIN_SELF = YES;
				CLANG_WARN_OBJC_LITERAL_CONVERSION = YES;
				CLANG_WARN_OBJC_ROOT_CLASS = YES_ERROR;
				CLANG_WARN_QUOTED_INCLUDE_IN_FRAMEWORK_HEADER = YES;
				CLANG_WARN_RANGE_LOOP_ANALYSIS = YES;
				CLANG_WARN_STRICT_PROTOTYPES = YES;
				CLANG_WARN_SUSPICIOUS_MOVE = YES;
				CLANG_WARN_UNGUARDED_AVAILABILITY = YES_AGGRESSIVE;
				CLANG_WARN_UNREACHABLE_CODE = YES;
				CLANG_WARN__DUPLICATE_METHOD_MATCH = YES;
				COPY_PHASE_STRIP = NO;
				DEBUG_INFORMATION_FORMAT = dwarf;
				ENABLE_STRICT_OBJC_MSGSEND = YES;
				ENABLE_TESTABILITY = YES;
				GCC_C_LANGUAGE_STANDARD = gnu11;
				GCC_DYNAMIC_NO_PIC = NO;
				GCC_NO_COMMON_BLOCKS = YES;
				GCC_OPTIMIZATION_LEVEL = 0;
				GCC_PREPROCESSOR_DEFINITIONS = (
					"DEBUG=1",
					"$(inherited)",
				);
				GCC_WARN_64_TO_32_BIT_CONVERSION = YES;
				GCC_WARN_ABOUT_RETURN_TYPE = YES_ERROR;
				GCC_WARN_UNDECLARED_SELECTOR = YES;
				GCC_WARN_UNINITIALIZED_AUTOS = YES_AGGRESSIVE;
				GCC_WARN_UNUSED_FUNCTION = YES;
				GCC_WARN_UNUSED_VARIABLE = YES;
				IPHONEOS_DEPLOYMENT_TARGET = 15.0;
				MTL_ENABLE_DEBUG_INFO = INCLUDE_SOURCE;
				MTL_FAST_MATH = YES;
				ONLY_ACTIVE_ARCH = YES;
				SDKROOT = iphoneos;
				SWIFT_ACTIVE_COMPILATION_CONDITIONS = DEBUG;
				SWIFT_OPTIMIZATION_LEVEL = "-Onone";
			};
			name = Debug;
		};
		D08B66D528D5A3BA000998DC /* Release */ = {
			isa = XCBuildConfiguration;
			buildSettings = {
				ALWAYS_SEARCH_USER_PATHS = NO;
				CLANG_ANALYZER_NONNULL = YES;
				CLANG_ANALYZER_NUMBER_OBJECT_CONVERSION = YES_AGGRESSIVE;
				CLANG_CXX_LANGUAGE_STANDARD = "gnu++17";
				CLANG_CXX_LIBRARY = "libc++";
				CLANG_ENABLE_MODULES = YES;
				CLANG_ENABLE_OBJC_ARC = YES;
				CLANG_ENABLE_OBJC_WEAK = YES;
				CLANG_WARN_BLOCK_CAPTURE_AUTORELEASING = YES;
				CLANG_WARN_BOOL_CONVERSION = YES;
				CLANG_WARN_COMMA = YES;
				CLANG_WARN_CONSTANT_CONVERSION = YES;
				CLANG_WARN_DEPRECATED_OBJC_IMPLEMENTATIONS = YES;
				CLANG_WARN_DIRECT_OBJC_ISA_USAGE = YES_ERROR;
				CLANG_WARN_DOCUMENTATION_COMMENTS = YES;
				CLANG_WARN_EMPTY_BODY = YES;
				CLANG_WARN_ENUM_CONVERSION = YES;
				CLANG_WARN_INFINITE_RECURSION = YES;
				CLANG_WARN_INT_CONVERSION = YES;
				CLANG_WARN_NON_LITERAL_NULL_CONVERSION = YES;
				CLANG_WARN_OBJC_IMPLICIT_RETAIN_SELF = YES;
				CLANG_WARN_OBJC_LITERAL_CONVERSION = YES;
				CLANG_WARN_OBJC_ROOT_CLASS = YES_ERROR;
				CLANG_WARN_QUOTED_INCLUDE_IN_FRAMEWORK_HEADER = YES;
				CLANG_WARN_RANGE_LOOP_ANALYSIS = YES;
				CLANG_WARN_STRICT_PROTOTYPES = YES;
				CLANG_WARN_SUSPICIOUS_MOVE = YES;
				CLANG_WARN_UNGUARDED_AVAILABILITY = YES_AGGRESSIVE;
				CLANG_WARN_UNREACHABLE_CODE = YES;
				CLANG_WARN__DUPLICATE_METHOD_MATCH = YES;
				COPY_PHASE_STRIP = NO;
				DEBUG_INFORMATION_FORMAT = "dwarf-with-dsym";
				ENABLE_NS_ASSERTIONS = NO;
				ENABLE_STRICT_OBJC_MSGSEND = YES;
				GCC_C_LANGUAGE_STANDARD = gnu11;
				GCC_NO_COMMON_BLOCKS = YES;
				GCC_WARN_64_TO_32_BIT_CONVERSION = YES;
				GCC_WARN_ABOUT_RETURN_TYPE = YES_ERROR;
				GCC_WARN_UNDECLARED_SELECTOR = YES;
				GCC_WARN_UNINITIALIZED_AUTOS = YES_AGGRESSIVE;
				GCC_WARN_UNUSED_FUNCTION = YES;
				GCC_WARN_UNUSED_VARIABLE = YES;
				IPHONEOS_DEPLOYMENT_TARGET = 15.0;
				MTL_ENABLE_DEBUG_INFO = NO;
				MTL_FAST_MATH = YES;
				SDKROOT = iphoneos;
				SWIFT_COMPILATION_MODE = wholemodule;
				SWIFT_OPTIMIZATION_LEVEL = "-O";
				VALIDATE_PRODUCT = YES;
			};
			name = Release;
		};
		D08B66D728D5A3BA000998DC /* Debug */ = {
			isa = XCBuildConfiguration;
			buildSettings = {
				ASSETCATALOG_COMPILER_APPICON_NAME = AppIcon;
				ASSETCATALOG_COMPILER_GLOBAL_ACCENT_COLOR_NAME = AccentColor;
				CODE_SIGN_ENTITLEMENTS = LiveGodLife/LiveGodLife.entitlements;
				CODE_SIGN_STYLE = Automatic;
				CURRENT_PROJECT_VERSION = 1;
				DEVELOPMENT_TEAM = XQ24HP64B3;
				GENERATE_INFOPLIST_FILE = YES;
				INFOPLIST_FILE = LiveGodLife/Info.plist;
				INFOPLIST_KEY_UIApplicationSupportsIndirectInputEvents = YES;
				INFOPLIST_KEY_UILaunchStoryboardName = LaunchScreen;
				INFOPLIST_KEY_UIMainStoryboardFile = "";
				INFOPLIST_KEY_UIStatusBarStyle = UIStatusBarStyleLightContent;
				INFOPLIST_KEY_UISupportedInterfaceOrientations = UIInterfaceOrientationPortrait;
				INFOPLIST_KEY_UISupportedInterfaceOrientations_iPad = "UIInterfaceOrientationLandscapeLeft UIInterfaceOrientationLandscapeRight UIInterfaceOrientationPortrait UIInterfaceOrientationPortraitUpsideDown";
				LD_RUNPATH_SEARCH_PATHS = (
					"$(inherited)",
					"@executable_path/Frameworks",
				);
				MARKETING_VERSION = 0.0.1;
				PRODUCT_BUNDLE_IDENTIFIER = com.onezo.livegodlife;
				PRODUCT_NAME = "$(TARGET_NAME)";
				SWIFT_EMIT_LOC_STRINGS = YES;
				SWIFT_VERSION = 5.0;
				TARGETED_DEVICE_FAMILY = "1,2";
			};
			name = Debug;
		};
		D08B66D828D5A3BA000998DC /* Release */ = {
			isa = XCBuildConfiguration;
			buildSettings = {
				ASSETCATALOG_COMPILER_APPICON_NAME = AppIcon;
				ASSETCATALOG_COMPILER_GLOBAL_ACCENT_COLOR_NAME = AccentColor;
				CODE_SIGN_ENTITLEMENTS = LiveGodLife/LiveGodLife.entitlements;
				CODE_SIGN_STYLE = Automatic;
				CURRENT_PROJECT_VERSION = 1;
				DEVELOPMENT_TEAM = XQ24HP64B3;
				GENERATE_INFOPLIST_FILE = YES;
				INFOPLIST_FILE = LiveGodLife/Info.plist;
				INFOPLIST_KEY_UIApplicationSupportsIndirectInputEvents = YES;
				INFOPLIST_KEY_UILaunchStoryboardName = LaunchScreen;
				INFOPLIST_KEY_UIMainStoryboardFile = "";
				INFOPLIST_KEY_UIStatusBarStyle = UIStatusBarStyleLightContent;
				INFOPLIST_KEY_UISupportedInterfaceOrientations = UIInterfaceOrientationPortrait;
				INFOPLIST_KEY_UISupportedInterfaceOrientations_iPad = "UIInterfaceOrientationLandscapeLeft UIInterfaceOrientationLandscapeRight UIInterfaceOrientationPortrait UIInterfaceOrientationPortraitUpsideDown";
				LD_RUNPATH_SEARCH_PATHS = (
					"$(inherited)",
					"@executable_path/Frameworks",
				);
				MARKETING_VERSION = 0.0.1;
				PRODUCT_BUNDLE_IDENTIFIER = com.onezo.livegodlife;
				PRODUCT_NAME = "$(TARGET_NAME)";
				SWIFT_EMIT_LOC_STRINGS = YES;
				SWIFT_VERSION = 5.0;
				TARGETED_DEVICE_FAMILY = "1,2";
			};
			name = Release;
		};
/* End XCBuildConfiguration section */

/* Begin XCConfigurationList section */
		D08B66BD28D5A3B9000998DC /* Build configuration list for PBXProject "LiveGodLife" */ = {
			isa = XCConfigurationList;
			buildConfigurations = (
				D08B66D428D5A3BA000998DC /* Debug */,
				D08B66D528D5A3BA000998DC /* Release */,
			);
			defaultConfigurationIsVisible = 0;
			defaultConfigurationName = Release;
		};
		D08B66D628D5A3BA000998DC /* Build configuration list for PBXNativeTarget "LiveGodLife" */ = {
			isa = XCConfigurationList;
			buildConfigurations = (
				D08B66D728D5A3BA000998DC /* Debug */,
				D08B66D828D5A3BA000998DC /* Release */,
			);
			defaultConfigurationIsVisible = 0;
			defaultConfigurationName = Release;
		};
/* End XCConfigurationList section */

/* Begin XCRemoteSwiftPackageReference section */
		E96364DC297FAE6B005F16CD /* XCRemoteSwiftPackageReference "Moya" */ = {
			isa = XCRemoteSwiftPackageReference;
			repositoryURL = "https://github.com/Moya/Moya";
			requirement = {
				kind = upToNextMajorVersion;
				minimumVersion = 15.0.0;
			};
		};
		E96364DF297FAE97005F16CD /* XCRemoteSwiftPackageReference "SnapKit" */ = {
			isa = XCRemoteSwiftPackageReference;
			repositoryURL = "https://github.com/SnapKit/SnapKit.git";
			requirement = {
				kind = upToNextMajorVersion;
				minimumVersion = 5.6.0;
			};
		};
		E96364E2297FAF1F005F16CD /* XCRemoteSwiftPackageReference "PopupDialog" */ = {
			isa = XCRemoteSwiftPackageReference;
			repositoryURL = "https://github.com/Orderella/PopupDialog";
			requirement = {
				branch = master;
				kind = branch;
			};
		};
		E96364E5297FAF57005F16CD /* XCRemoteSwiftPackageReference "kakao-ios-sdk" */ = {
			isa = XCRemoteSwiftPackageReference;
			repositoryURL = "https://github.com/kakao/kakao-ios-sdk";
			requirement = {
				kind = upToNextMajorVersion;
				minimumVersion = 2.0.0;
			};
		};
		E96364EA297FAF90005F16CD /* XCRemoteSwiftPackageReference "Kingfisher" */ = {
			isa = XCRemoteSwiftPackageReference;
			repositoryURL = "https://github.com/onevcat/Kingfisher";
			requirement = {
				kind = upToNextMajorVersion;
				minimumVersion = 7.5.0;
			};
		};
		E96364ED297FAFCD005F16CD /* XCRemoteSwiftPackageReference "Then" */ = {
			isa = XCRemoteSwiftPackageReference;
			repositoryURL = "https://github.com/devxoul/Then";
			requirement = {
				kind = upToNextMajorVersion;
				minimumVersion = 3.0.0;
			};
		};
		E96364F0297FB05E005F16CD /* XCRemoteSwiftPackageReference "SwiftyJSON" */ = {
			isa = XCRemoteSwiftPackageReference;
			repositoryURL = "https://github.com/SwiftyJSON/SwiftyJSON";
			requirement = {
				kind = upToNextMajorVersion;
				minimumVersion = 5.0.0;
			};
		};
		E96364F9297FC07A005F16CD /* XCRemoteSwiftPackageReference "CombineCocoa" */ = {
			isa = XCRemoteSwiftPackageReference;
			repositoryURL = "https://github.com/CombineCommunity/CombineCocoa.git";
			requirement = {
				kind = upToNextMajorVersion;
				minimumVersion = 0.4.1;
			};
		};
/* End XCRemoteSwiftPackageReference section */

/* Begin XCSwiftPackageProductDependency section */
		E96364DD297FAE6B005F16CD /* Moya */ = {
			isa = XCSwiftPackageProductDependency;
			package = E96364DC297FAE6B005F16CD /* XCRemoteSwiftPackageReference "Moya" */;
			productName = Moya;
		};
		E96364E0297FAE97005F16CD /* SnapKit */ = {
			isa = XCSwiftPackageProductDependency;
			package = E96364DF297FAE97005F16CD /* XCRemoteSwiftPackageReference "SnapKit" */;
			productName = SnapKit;
		};
		E96364E3297FAF1F005F16CD /* PopupDialog */ = {
			isa = XCSwiftPackageProductDependency;
			package = E96364E2297FAF1F005F16CD /* XCRemoteSwiftPackageReference "PopupDialog" */;
			productName = PopupDialog;
		};
		E96364E6297FAF57005F16CD /* KakaoSDKAuth */ = {
			isa = XCSwiftPackageProductDependency;
			package = E96364E5297FAF57005F16CD /* XCRemoteSwiftPackageReference "kakao-ios-sdk" */;
			productName = KakaoSDKAuth;
		};
		E96364E8297FAF57005F16CD /* KakaoSDKUser */ = {
			isa = XCSwiftPackageProductDependency;
			package = E96364E5297FAF57005F16CD /* XCRemoteSwiftPackageReference "kakao-ios-sdk" */;
			productName = KakaoSDKUser;
		};
		E96364EB297FAF90005F16CD /* Kingfisher */ = {
			isa = XCSwiftPackageProductDependency;
			package = E96364EA297FAF90005F16CD /* XCRemoteSwiftPackageReference "Kingfisher" */;
			productName = Kingfisher;
		};
		E96364EE297FAFCD005F16CD /* Then */ = {
			isa = XCSwiftPackageProductDependency;
			package = E96364ED297FAFCD005F16CD /* XCRemoteSwiftPackageReference "Then" */;
			productName = Then;
		};
		E96364F1297FB05E005F16CD /* SwiftyJSON */ = {
			isa = XCSwiftPackageProductDependency;
			package = E96364F0297FB05E005F16CD /* XCRemoteSwiftPackageReference "SwiftyJSON" */;
			productName = SwiftyJSON;
		};
		E96364FA297FC07A005F16CD /* CombineCocoa */ = {
			isa = XCSwiftPackageProductDependency;
			package = E96364F9297FC07A005F16CD /* XCRemoteSwiftPackageReference "CombineCocoa" */;
			productName = CombineCocoa;
		};
/* End XCSwiftPackageProductDependency section */
	};
	rootObject = D08B66BA28D5A3B9000998DC /* Project object */;
}
